<?xml version="1.0" encoding="utf-8"?>
<Project ToolsVersion="4.0" xmlns="http://schemas.microsoft.com/developer/msbuild/2003">
  <ItemGroup>
    <Filter Include="Resource Files">
      <UniqueIdentifier>{67DA6AB6-F800-4c08-8B7A-83BB121AAD01}</UniqueIdentifier>
      <Extensions>rc;ico;cur;bmp;dlg;rc2;rct;bin;rgs;gif;jpg;jpeg;jpe;resx;tiff;tif;png;wav</Extensions>
    </Filter>
  </ItemGroup>
  <ItemGroup>
    <ClCompile Include="src\Interpreter\ExprPart\ExprPart.cpp" />
    <ClCompile Include="src\Interpreter\ExprPart\ExprPartCast.cpp" />
    <ClCompile Include="src\Interpreter\ExprPart\ExprPartFnCall.cpp" />
    <ClCompile Include="src\Interpreter\ExprPart\ExprPartInitVLA.cpp" />
    <ClCompile Include="src\Interpreter\ExprPart\ExprPartIs.cpp" />
    <ClCompile Include="src\Interpreter\ExprPart\ExprPartOp.cpp" />
    <ClCompile Include="src\Interpreter\ExprPart\ExprPartTypeOf.cpp" />
    <ClCompile Include="src\Interpreter\ExprPart\ExprPartUnaryOp.cpp" />
    <ClCompile Include="src\Interpreter\ExprPart\ExprPartValue.cpp" />
    <ClCompile Include="src\Interpreter\ExprPart\ExprPartVar.cpp" />
    <ClCompile Include="src\Interpreter\Function\FunctionParameter.cpp" />
    <ClCompile Include="src\Interpreter\Function\UserFunction.cpp" />
    <ClCompile Include="src\Interpreter\Line\Statement\BreakStatement.cpp" />
    <ClCompile Include="src\Interpreter\Line\Statement\ContinueStatement.cpp" />
    <ClCompile Include="src\Interpreter\Line\Statement\ForStatement.cpp" />
    <ClCompile Include="src\Interpreter\Line\Statement\IfStatement.cpp" />
    <ClCompile Include="src\Interpreter\Line\Statement\ReturnStatement.cpp" />
    <ClCompile Include="src\Interpreter\Line\Statement\WhileStatement.cpp" />
    <ClCompile Include="src\Interpreter\Line\CodeBlock.cpp" />
    <ClCompile Include="src\Interpreter\Line\Expression.cpp" />
    <ClCompile Include="src\Interpreter\Line\Line.cpp" />
    <ClCompile Include="src\Interpreter\Line\LineResultReturn.cpp" />
    <ClCompile Include="src\Interpreter\Line\LineResultSimple.cpp" />
    <ClCompile Include="src\Interpreter\Type\AnyType.cpp" />
    <ClCompile Include="src\Interpreter\Type\ArrayType.cpp" />
    <ClCompile Include="src\Interpreter\Type\CharType.cpp" />
    <ClCompile Include="src\Interpreter\Type\FloatType.cpp" />
    <ClCompile Include="src\Interpreter\Type\IntType.cpp" />
    <ClCompile Include="src\Interpreter\Type\PointerType.cpp" />
    <ClCompile Include="src\Interpreter\Type\PrimitiveType.cpp" />
    <ClCompile Include="src\Interpreter\Type\ReferenceType.cpp" />
    <ClCompile Include="src\Interpreter\Type\StringType.cpp" />
    <ClCompile Include="src\Interpreter\Type\Type.cpp" />
    <ClCompile Include="src\Interpreter\Type\TypeType.cpp" />
    <ClCompile Include="src\Interpreter\Type\UnsignedCharType.cpp" />
    <ClCompile Include="src\Interpreter\Type\UnsignedIntType.cpp" />
    <ClCompile Include="src\Interpreter\Type\VoidType.cpp" />
    <ClCompile Include="src\Interpreter\Value\AnyValue.cpp" />
    <ClCompile Include="src\Interpreter\Value\ArrayValue.cpp" />
    <ClCompile Include="src\Interpreter\Value\CharValue.cpp" />
    <ClCompile Include="src\Interpreter\Value\DummyValue.cpp" />
    <ClCompile Include="src\Interpreter\Value\FloatValue.cpp" />
    <ClCompile Include="src\Interpreter\Value\IntValue.cpp" />
    <ClCompile Include="src\Interpreter\Value\PointerValue.cpp" />
    <ClCompile Include="src\Interpreter\Value\PrimitiveValue.cpp" />
    <ClCompile Include="src\Interpreter\Value\StringValue.cpp" />
    <ClCompile Include="src\Interpreter\Value\TypeValue.cpp" />
    <ClCompile Include="src\Interpreter\Value\UnsignedCharValue.cpp" />
    <ClCompile Include="src\Interpreter\Value\UnsignedIntValue.cpp" />
    <ClCompile Include="src\Interpreter\Value\Value.cpp" />
    <ClCompile Include="src\Interpreter\Variable\AnyVariable.cpp" />
    <ClCompile Include="src\Interpreter\Variable\ArrayVariable.cpp" />
    <ClCompile Include="src\Interpreter\Variable\CharVariable.cpp" />
    <ClCompile Include="src\Interpreter\Variable\DummyVariable.cpp" />
    <ClCompile Include="src\Interpreter\Variable\FloatVariable.cpp" />
    <ClCompile Include="src\Interpreter\Variable\IntVariable.cpp" />
    <ClCompile Include="src\Interpreter\Variable\PointerVariable.cpp" />
    <ClCompile Include="src\Interpreter\Variable\ReferenceVariable.cpp" />
    <ClCompile Include="src\Interpreter\Variable\StringVariable.cpp" />
    <ClCompile Include="src\Interpreter\Variable\TypeVariable.cpp" />
    <ClCompile Include="src\Interpreter\Variable\UnsignedCharVariable.cpp" />
    <ClCompile Include="src\Interpreter\Variable\UnsignedIntVariable.cpp" />
    <ClCompile Include="src\Interpreter\Variable\Variable.cpp" />
    <ClCompile Include="src\Interpreter\DefaultFrame.cpp" />
    <ClCompile Include="src\Interpreter\ExecFrame.cpp" />
    <ClCompile Include="src\Interpreter\Struct.cpp" />
    <ClCompile Include="src\Lexer\Matcher\Char\CharTokenMatcher.cpp" />
    <ClCompile Include="src\Lexer\Matcher\Comment\CommentTokenMatcher.cpp" />
    <ClCompile Include="src\Lexer\Matcher\Float\FloatTokenMatcher.cpp" />
    <ClCompile Include="src\Lexer\Matcher\Integer\BinaryTokenMatcher.cpp" />
    <ClCompile Include="src\Lexer\Matcher\Integer\HexTokenMatcher.cpp" />
    <ClCompile Include="src\Lexer\Matcher\Integer\IntegerTokenMatcher.cpp" />
    <ClCompile Include="src\Lexer\Matcher\Integer\OctalTokenMatcher.cpp" />
    <ClCompile Include="src\Lexer\Matcher\Keyword\KeywordsTokenMatcher.cpp" />
    <ClCompile Include="src\Lexer\Matcher\String\StringTokenMatcher.cpp" />
    <ClCompile Include="src\Lexer\Matcher\Symbol\SymbolsTokenMatcher.cpp" />
    <ClCompile Include="src\Lexer\Matcher\Word\WordTokenMatcher.cpp" />
    <ClCompile Include="src\Lexer\Matcher\GlobalTokenMatcher.cpp" />
    <ClCompile Include="src\Lexer\Matcher\ListTokenMatcher.cpp" />
    <ClCompile Include="src\Lexer\Matcher\LiteralsTokenMatcher.cpp" />
    <ClCompile Include="src\Lexer\Token\CharToken.cpp" />
    <ClCompile Include="src\Lexer\Token\EOFToken.cpp" />
    <ClCompile Include="src\Lexer\Token\FloatToken.cpp" />
    <ClCompile Include="src\Lexer\Token\IntegerToken.cpp" />
    <ClCompile Include="src\Lexer\Token\KeywordToken.cpp" />
    <ClCompile Include="src\Lexer\Token\StringToken.cpp" />
    <ClCompile Include="src\Lexer\Token\SymbolToken.cpp" />
    <ClCompile Include="src\Lexer\Token\Token.cpp" />
    <ClCompile Include="src\Lexer\Token\WordToken.cpp" />
    <ClCompile Include="src\Lexer\Lexer.cpp" />
    <ClCompile Include="src\MyExcept\FileError.cpp" />
    <ClCompile Include="src\MyExcept\InterpreterRuntimeError.cpp" />
    <ClCompile Include="src\MyExcept\NoMatchException.cpp" />
    <ClCompile Include="src\MyExcept\ParseError.cpp" />
    <ClCompile Include="src\MyExcept\SyntaxError.cpp" />
    <ClCompile Include="src\Parser\Definition\ClassDefinition.cpp" />
    <ClCompile Include="src\Parser\Definition\Definition.cpp" />
    <ClCompile Include="src\Parser\Definition\FunctionDefinition.cpp" />
    <ClCompile Include="src\Parser\Definition\FunctionDefinitionParameter.cpp" />
    <ClCompile Include="src\Parser\Definition\MemberDefinition.cpp" />
    <ClCompile Include="src\Parser\Definition\StructDefinition.cpp" />
    <ClCompile Include="src\Parser\Definition\VariableDefinition.cpp" />
    <ClCompile Include="src\Parser\Definition\VariableDefinitionItem.cpp" />
    <ClCompile Include="src\Parser\Expression\BinaryOperation.cpp" />
    <ClCompile Include="src\Parser\Expression\Expression.cpp" />
    <ClCompile Include="src\Parser\Expression\ExpressionGroup.cpp" />
    <ClCompile Include="src\Parser\Expression\ExpressionList.cpp" />
    <ClCompile Include="src\Parser\Expression\ExpressionTerm.cpp" />
    <ClCompile Include="src\Parser\Expression\FunctionCall.cpp" />
    <ClCompile Include="src\Parser\Expression\KeywordFunctionCall.cpp" />
    <ClCompile Include="src\Parser\Expression\UnaryOperation.cpp" />
    <ClCompile Include="src\Parser\Statement\ElseStatement.cpp" />
    <ClCompile Include="src\Parser\Statement\ForStatement.cpp" />
    <ClCompile Include="src\Parser\Statement\IfStatement.cpp" />
    <ClCompile Include="src\Parser\Statement\ReturnStatement.cpp" />
    <ClCompile Include="src\Parser\Statement\Statement.cpp" />
    <ClCompile Include="src\Parser\Statement\WhileStatement.cpp" />
    <ClCompile Include="src\Parser\CodeBlock.cpp" />
    <ClCompile Include="src\Parser\Line.cpp" />
    <ClCompile Include="src\Parser\Parser.cpp" />
    <ClCompile Include="src\Parser\ParserExpressionOperatorPrecedence.cpp" />
    <ClCompile Include="src\Parser\ParserResultPart.cpp" />
    <ClCompile Include="src\Parser\VarType.cpp" />
    <ClCompile Include="src\Printf\Printf.cpp" />
    <ClCompile Include="src\Printf\ValueContainer.cpp" />
    <ClCompile Include="src\Util\Console.cpp" />
    <ClCompile Include="src\Util\read_file.cpp" />
    <ClCompile Include="src\deflib.cpp" />
    <ClCompile Include="src\main.cpp" />
    <ClCompile Include="src\preprocessor.cpp" />
    <ClCompile Include="src\symbols_keywords.cpp" />
    <ClCompile Include="src\test.cpp" />
  </ItemGroup>
  <ItemGroup>
    <ClInclude Include="src\Interpreter\Value\interpreter_intlike_assignment_method.inc.h" />
    <ClInclude Include="src\Interpreter\Value\interpreter_intlike_comparison_method.inc.h" />
    <ClInclude Include="src\Interpreter\Value\interpreter_intlike_inttype_assignment_method.inc.h" />
    <ClInclude Include="src\Interpreter\Value\interpreter_intlike_inttype_math_method.inc.h" />
    <ClInclude Include="src\Interpreter\Value\interpreter_intlike_methods.inc.h" />
    <ClInclude Include="src\Interpreter\Value\interpreter_intlike_simple_math_method.inc.h" />
    <ClInclude Include="include\Interpreter\AnyType.h" />
    <ClInclude Include="include\Interpreter\AnyValue.h" />
    <ClInclude Include="include\Interpreter\AnyVariable.h" />
    <ClInclude Include="include\Interpreter\ArrayType.h" />
    <ClInclude Include="include\Interpreter\ArrayValue.h" />
    <ClInclude Include="include\Interpreter\ArrayVariable.h" />
    <ClInclude Include="include\Interpreter\BreakStatement.h" />
    <ClInclude Include="include\Interpreter\CharType.h" />
    <ClInclude Include="include\Interpreter\CharValue.h" />
    <ClInclude Include="include\Interpreter\CharVariable.h" />
    <ClInclude Include="include\Interpreter\CodeBlock.h" />
    <ClInclude Include="include\Interpreter\ContinueStatement.h" />
    <ClInclude Include="include\Interpreter\DefaultFrame.h" />
    <ClInclude Include="include\Interpreter\DummyValue.h" />
    <ClInclude Include="include\Interpreter\DummyVariable.h" />
    <ClInclude Include="include\Interpreter\ExecFrame.h" />
    <ClInclude Include="include\Interpreter\Expression.h" />
    <ClInclude Include="include\Interpreter\ExprPart.h" />
    <ClInclude Include="include\Interpreter\ExprPartCast.h" />
    <ClInclude Include="include\Interpreter\ExprPartFnCall.h" />
    <ClInclude Include="include\Interpreter\ExprPartInitVLA.h" />
    <ClInclude Include="include\Interpreter\ExprPartIs.h" />
    <ClInclude Include="include\Interpreter\ExprPartOp.h" />
    <ClInclude Include="include\Interpreter\ExprPartTypeOf.h" />
    <ClInclude Include="include\Interpreter\ExprPartUnaryOp.h" />
    <ClInclude Include="include\Interpreter\ExprPartValue.h" />
    <ClInclude Include="include\Interpreter\ExprPartVar.h" />
    <ClInclude Include="include\Interpreter\FloatType.h" />
    <ClInclude Include="include\Interpreter\FloatValue.h" />
    <ClInclude Include="include\Interpreter\FloatVariable.h" />
    <ClInclude Include="include\Interpreter\ForStatement.h" />
    <ClInclude Include="include\Interpreter\Function.h" />
    <ClInclude Include="include\Interpreter\FunctionParameter.h" />
    <ClInclude Include="include\Interpreter\IfStatement.h" />
    <ClInclude Include="include\Interpreter\IntType.h" />
    <ClInclude Include="include\Interpreter\IntValue.h" />
    <ClInclude Include="include\Interpreter\IntVariable.h" />
    <ClInclude Include="include\Interpreter\Line.h" />
    <ClInclude Include="include\Interpreter\LineResult.h" />
    <ClInclude Include="include\Interpreter\LineResultReturn.h" />
    <ClInclude Include="include\Interpreter\LineResultSimple.h" />
    <ClInclude Include="include\Interpreter\PointerType.h" />
    <ClInclude Include="include\Interpreter\PointerValue.h" />
    <ClInclude Include="include\Interpreter\PointerVariable.h" />
    <ClInclude Include="include\Interpreter\PrimitiveType.h" />
    <ClInclude Include="include\Interpreter\PrimitiveValue.h" />
    <ClInclude Include="include\Interpreter\ReferenceType.h" />
    <ClInclude Include="include\Interpreter\ReferenceVariable.h" />
    <ClInclude Include="include\Interpreter\ReturnStatement.h" />
    <ClInclude Include="include\Interpreter\StringType.h" />
    <ClInclude Include="include\Interpreter\StringValue.h" />
    <ClInclude Include="include\Interpreter\StringVariable.h" />
    <ClInclude Include="include\Interpreter\Struct.h" />
    <ClInclude Include="include\Interpreter\Type.h" />
    <ClInclude Include="include\Interpreter\TypeType.h" />
    <ClInclude Include="include\Interpreter\TypeValue.h" />
    <ClInclude Include="include\Interpreter\TypeVariable.h" />
    <ClInclude Include="include\Interpreter\UnsignedCharType.h" />
    <ClInclude Include="include\Interpreter\UnsignedCharValue.h" />
    <ClInclude Include="include\Interpreter\UnsignedCharVariable.h" />
    <ClInclude Include="include\Interpreter\UnsignedIntType.h" />
    <ClInclude Include="include\Interpreter\UnsignedIntValue.h" />
    <ClInclude Include="include\Interpreter\UnsignedIntVariable.h" />
    <ClInclude Include="include\Interpreter\UserFunction.h" />
    <ClInclude Include="include\Interpreter\Value.h" />
    <ClInclude Include="include\Interpreter\valueToString.h" />
    <ClInclude Include="include\Interpreter\Variable.h" />
    <ClInclude Include="include\Interpreter\VoidType.h" />
    <ClInclude Include="include\Interpreter\WhileStatement.h" />
    <ClInclude Include="include\Lexer\BinaryTokenMatcher.h" />
    <ClInclude Include="include\Lexer\CharToken.h" />
    <ClInclude Include="include\Lexer\CharTokenMatcher.h" />
    <ClInclude Include="include\Lexer\CommentTokenMatcher.h" />
    <ClInclude Include="include\Lexer\EOFToken.h" />
    <ClInclude Include="include\Lexer\FloatToken.h" />
    <ClInclude Include="include\Lexer\FloatTokenMatcher.h" />
    <ClInclude Include="include\Lexer\GlobalTokenMatcher.h" />
    <ClInclude Include="include\Lexer\hex_read_util.h" />
    <ClInclude Include="include\Lexer\HexTokenMatcher.h" />
    <ClInclude Include="include\Lexer\IntegerToken.h" />
    <ClInclude Include="include\Lexer\IntegerTokenMatcher.h" />
    <ClInclude Include="include\Lexer\keyword_data.h" />
    <ClInclude Include="include\Lexer\KeywordsTokenMatcher.h" />
    <ClInclude Include="include\Lexer\KeywordToken.h" />
    <ClInclude Include="include\Lexer\Lexer.h" />
    <ClInclude Include="include\Lexer\ListTokenMatcher.h" />
    <ClInclude Include="include\Lexer\LiteralsTokenMatcher.h" />
    <ClInclude Include="include\Lexer\OctalTokenMatcher.h" />
    <ClInclude Include="include\Lexer\StringToken.h" />
    <ClInclude Include="include\Lexer\StringTokenMatcher.h" />
    <ClInclude Include="include\Lexer\symbol_data.h" />
    <ClInclude Include="include\Lexer\SymbolsTokenMatcher.h" />
    <ClInclude Include="include\Lexer\SymbolToken.h" />
    <ClInclude Include="include\Lexer\Token.h" />
    <ClInclude Include="include\Lexer\token_type.h" />
    <ClInclude Include="include\Lexer\TokenMatcher.h" />
    <ClInclude Include="include\Lexer\WordToken.h" />
    <ClInclude Include="include\Lexer\WordTokenMatcher.h" />
    <ClInclude Include="include\MyExcept\FileError.h" />
    <ClInclude Include="include\MyExcept\InterpreterRuntimeError.h" />
    <ClInclude Include="include\MyExcept\MyExcept.h" />
    <ClInclude Include="include\MyExcept\NoMatchException.h" />
    <ClInclude Include="include\MyExcept\ParseError.h" />
    <ClInclude Include="include\MyExcept\SyntaxError.h" />
    <ClInclude Include="include\Parser\BinaryOperation.h" />
    <ClInclude Include="include\Parser\ClassDefinition.h" />
    <ClInclude Include="include\Parser\CodeBlock.h" />
    <ClInclude Include="include\Parser\Definition.h" />
    <ClInclude Include="include\Parser\ElseStatement.h" />
    <ClInclude Include="include\Parser\Expression.h" />
    <ClInclude Include="include\Parser\ExpressionGroup.h" />
    <ClInclude Include="include\Parser\ExpressionList.h" />
    <ClInclude Include="include\Parser\ExpressionTerm.h" />
    <ClInclude Include="include\Parser\ForStatement.h" />
    <ClInclude Include="include\Parser\FunctionCall.h" />
    <ClInclude Include="include\Parser\FunctionDefinition.h" />
    <ClInclude Include="include\Parser\FunctionDefinitionParameter.h" />
    <ClInclude Include="include\Parser\IfStatement.h" />
    <ClInclude Include="include\Parser\KeywordFunctionCall.h" />
    <ClInclude Include="include\Parser\Line.h" />
    <ClInclude Include="include\Parser\MemberDefinition.h" />
    <ClInclude Include="include\Parser\Parser.h" />
    <ClInclude Include="include\Parser\ParserExpressionOperatorPrecedence.h" />
    <ClInclude Include="include\Parser\ParserResultPart.h" />
    <ClInclude Include="include\Parser\ReturnStatement.h" />
    <ClInclude Include="include\Parser\Statement.h" />
    <ClInclude Include="include\Parser\StructDefinition.h" />
    <ClInclude Include="include\Parser\UnaryOperation.h" />
    <ClInclude Include="include\Parser\VariableDefinition.h" />
    <ClInclude Include="include\Parser\VariableDefinitionItem.h" />
    <ClInclude Include="include\Parser\VarType.h" />
    <ClInclude Include="include\Parser\WhileStatement.h" />
    <ClInclude Include="include\Printf\Printf.h" />
    <ClInclude Include="include\Printf\ValueContainer.h" />
    <ClInclude Include="include\Util\Console.h" />
    <ClInclude Include="include\Util\InterpreterUtilDefinesMisc.h" />
    <ClInclude Include="include\Util\read_file.h" />
    <ClInclude Include="include\deflib.h" />
    <ClInclude Include="include\preprocessor.h" />
    <ClInclude Include="include\symbols_keywords.h" />
  </ItemGroup>
</Project>