<?xml version="1.0" encoding="utf-8"?>
<Project ToolsVersion="4.0" xmlns="http://schemas.microsoft.com/developer/msbuild/2003">
  <ItemGroup>
    <Filter Include="Source Files">
      <UniqueIdentifier>{4FC737F1-C7A5-4376-A066-2A32D752A2FF}</UniqueIdentifier>
      <Extensions>cpp;c;cc;cxx;def;odl;idl;hpj;bat;asm;asmx</Extensions>
    </Filter>
    <Filter Include="Header Files">
      <UniqueIdentifier>{93995380-89BD-4b04-88EB-625FBE52EBFB}</UniqueIdentifier>
      <Extensions>h;hh;hpp;hxx;hm;inl;inc;xsd</Extensions>
    </Filter>
    <Filter Include="Resource Files">
      <UniqueIdentifier>{67DA6AB6-F800-4c08-8B7A-83BB121AAD01}</UniqueIdentifier>
      <Extensions>rc;ico;cur;bmp;dlg;rc2;rct;bin;rgs;gif;jpg;jpeg;jpe;resx;tiff;tif;png;wav</Extensions>
    </Filter>
  </ItemGroup>
  <ItemGroup>
    <ClCompile Include="src\deflib.cpp">
      <Filter>Source Files</Filter>
    </ClCompile>
    <ClCompile Include="src\main.cpp">
      <Filter>Source Files</Filter>
    </ClCompile>
    <ClCompile Include="src\preprocessor.cpp">
      <Filter>Source Files</Filter>
    </ClCompile>
    <ClCompile Include="src\symbols_keywords.cpp">
      <Filter>Source Files</Filter>
    </ClCompile>
    <ClCompile Include="src\interpreter\Class.cpp">
      <Filter>Source Files</Filter>
    </ClCompile>
    <ClCompile Include="src\interpreter\DefaultFrame.cpp">
      <Filter>Source Files</Filter>
    </ClCompile>
    <ClCompile Include="src\interpreter\ExecFrame.cpp">
      <Filter>Source Files</Filter>
    </ClCompile>
    <ClCompile Include="src\lexer\Lexer.cpp">
      <Filter>Source Files</Filter>
    </ClCompile>
    <ClCompile Include="src\myexcept\FileError.cpp">
      <Filter>Source Files</Filter>
    </ClCompile>
    <ClCompile Include="src\myexcept\InterpreterRuntimeError.cpp">
      <Filter>Source Files</Filter>
    </ClCompile>
    <ClCompile Include="src\myexcept\NoMatchException.cpp">
      <Filter>Source Files</Filter>
    </ClCompile>
    <ClCompile Include="src\myexcept\ParseError.cpp">
      <Filter>Source Files</Filter>
    </ClCompile>
    <ClCompile Include="src\myexcept\SyntaxError.cpp">
      <Filter>Source Files</Filter>
    </ClCompile>
    <ClCompile Include="src\parser\Parser.cpp">
      <Filter>Source Files</Filter>
    </ClCompile>
    <ClCompile Include="src\parser\ParserExpressionOperatorPrecedence.cpp">
      <Filter>Source Files</Filter>
    </ClCompile>
    <ClCompile Include="src\printf\Printf.cpp">
      <Filter>Source Files</Filter>
    </ClCompile>
    <ClCompile Include="src\printf\ValueContainer.cpp">
      <Filter>Source Files</Filter>
    </ClCompile>
    <ClCompile Include="src\util\Console.cpp">
      <Filter>Source Files</Filter>
    </ClCompile>
    <ClCompile Include="src\util\read_file.cpp">
      <Filter>Source Files</Filter>
    </ClCompile>
    <ClCompile Include="src\Parser\Result\Definition\ClassDefinition.cpp">
      <Filter>Source Files</Filter>
    </ClCompile>
    <ClCompile Include="src\Parser\Result\Definition\Definition.cpp">
      <Filter>Source Files</Filter>
    </ClCompile>
    <ClCompile Include="src\Parser\Result\Definition\FunctionDefinition.cpp">
      <Filter>Source Files</Filter>
    </ClCompile>
    <ClCompile Include="src\Parser\Result\Definition\FunctionDefinitionParameter.cpp">
      <Filter>Source Files</Filter>
    </ClCompile>
    <ClCompile Include="src\Parser\Result\Definition\MemberDefinition.cpp">
      <Filter>Source Files</Filter>
    </ClCompile>
    <ClCompile Include="src\Parser\Result\Definition\StructDefinition.cpp">
      <Filter>Source Files</Filter>
    </ClCompile>
    <ClCompile Include="src\Parser\Result\Definition\VariableDefinition.cpp">
      <Filter>Source Files</Filter>
    </ClCompile>
    <ClCompile Include="src\Parser\Result\Definition\VariableDefinitionItem.cpp">
      <Filter>Source Files</Filter>
    </ClCompile>
    <ClCompile Include="src\Parser\Result\Definition\Line\CodeBlock.cpp">
      <Filter>Source Files</Filter>
    </ClCompile>
    <ClCompile Include="src\Parser\Result\Definition\Line\Line.cpp">
      <Filter>Source Files</Filter>
    </ClCompile>
    <ClCompile Include="src\Parser\Result\Definition\Line\Expression\Expression.cpp">
      <Filter>Source Files</Filter>
    </ClCompile>
    <ClCompile Include="src\Parser\Result\Definition\Line\Expression\ExpressionGroup.cpp">
      <Filter>Source Files</Filter>
    </ClCompile>
    <ClCompile Include="src\Parser\Result\Definition\Line\Expression\ExpressionList.cpp">
      <Filter>Source Files</Filter>
    </ClCompile>
    <ClCompile Include="src\Parser\Result\Definition\Line\Expression\Term\ExpressionTerm.cpp">
      <Filter>Source Files</Filter>
    </ClCompile>
    <ClCompile Include="src\Parser\Result\Definition\Line\Expression\Term\FunctionCall.cpp">
      <Filter>Source Files</Filter>
    </ClCompile>
    <ClCompile Include="src\Parser\Result\Definition\Line\Expression\Term\KeywordFunctionCall.cpp">
      <Filter>Source Files</Filter>
    </ClCompile>
    <ClCompile Include="src\Parser\Result\Definition\Line\Expression\Term\Operation\BinaryOperation.cpp">
      <Filter>Source Files</Filter>
    </ClCompile>
    <ClCompile Include="src\Parser\Result\Definition\Line\Expression\Term\Operation\UnaryOperation.cpp">
      <Filter>Source Files</Filter>
    </ClCompile>
    <ClCompile Include="src\Parser\Result\Definition\Line\Statement\ElseStatement.cpp">
      <Filter>Source Files</Filter>
    </ClCompile>
    <ClCompile Include="src\Parser\Result\Definition\Line\Statement\ForStatement.cpp">
      <Filter>Source Files</Filter>
    </ClCompile>
    <ClCompile Include="src\Parser\Result\Definition\Line\Statement\IfStatement.cpp">
      <Filter>Source Files</Filter>
    </ClCompile>
    <ClCompile Include="src\Parser\Result\Definition\Line\Statement\ReturnStatement.cpp">
      <Filter>Source Files</Filter>
    </ClCompile>
    <ClCompile Include="src\Parser\Result\Definition\Line\Statement\Statement.cpp">
      <Filter>Source Files</Filter>
    </ClCompile>
    <ClCompile Include="src\Parser\Result\Definition\Line\Statement\WhileStatement.cpp">
      <Filter>Source Files</Filter>
    </ClCompile>
    <ClCompile Include="src\Parser\Result\Shared\ParserResultPart.cpp">
      <Filter>Source Files</Filter>
    </ClCompile>
    <ClCompile Include="src\Parser\Result\Shared\VarType.cpp">
      <Filter>Source Files</Filter>
    </ClCompile>
    <ClCompile Include="src\Parser\Component\Definition\ClassDefinitionMatcher.cpp">
      <Filter>Source Files</Filter>
    </ClCompile>
    <ClCompile Include="src\Parser\Component\Definition\DefinitionMatcher.cpp">
      <Filter>Source Files</Filter>
    </ClCompile>
    <ClCompile Include="src\Parser\Component\Definition\FunctionDefinitionMatcher.cpp">
      <Filter>Source Files</Filter>
    </ClCompile>
    <ClCompile Include="src\Parser\Component\Definition\FunctionDefinitionParameterMatcher.cpp">
      <Filter>Source Files</Filter>
    </ClCompile>
    <ClCompile Include="src\Parser\Component\Definition\MemberDefinitionMatcher.cpp">
      <Filter>Source Files</Filter>
    </ClCompile>
    <ClCompile Include="src\Parser\Component\Definition\StructDefinitionMatcher.cpp">
      <Filter>Source Files</Filter>
    </ClCompile>
    <ClCompile Include="src\Parser\Component\Definition\VariableDefinitionItemMatcher.cpp">
      <Filter>Source Files</Filter>
    </ClCompile>
    <ClCompile Include="src\Parser\Component\Definition\VariableDefinitionMatcher.cpp">
      <Filter>Source Files</Filter>
    </ClCompile>
    <ClCompile Include="src\Parser\Component\Definition\Line\CodeBlockMatcher.cpp">
      <Filter>Source Files</Filter>
    </ClCompile>
    <ClCompile Include="src\Parser\Component\Definition\Line\LineMatcher.cpp">
      <Filter>Source Files</Filter>
    </ClCompile>
    <ClCompile Include="src\Parser\Component\Definition\Line\Expression\ExpressionListMatcher.cpp">
      <Filter>Source Files</Filter>
    </ClCompile>
    <ClCompile Include="src\Parser\Component\Definition\Line\Expression\ExpressionMatcher.cpp">
      <Filter>Source Files</Filter>
    </ClCompile>
    <ClCompile Include="src\Parser\Component\Definition\Line\Expression\Term\ExpressionGroupMatcher.cpp">
      <Filter>Source Files</Filter>
    </ClCompile>
    <ClCompile Include="src\Parser\Component\Definition\Line\Expression\Term\ExpressionTermMatcher.cpp">
      <Filter>Source Files</Filter>
    </ClCompile>
    <ClCompile Include="src\Parser\Component\Definition\Line\Expression\Term\FunctionCallMatcher.cpp">
      <Filter>Source Files</Filter>
    </ClCompile>
    <ClCompile Include="src\Parser\Component\Definition\Line\Expression\Term\KeywordFunctionCallMatcher.cpp">
      <Filter>Source Files</Filter>
    </ClCompile>
    <ClCompile Include="src\Parser\Component\Definition\Line\Expression\Term\Operation\BinaryOperationMatcher.cpp">
      <Filter>Source Files</Filter>
    </ClCompile>
    <ClCompile Include="src\Parser\Component\Definition\Line\Expression\Term\Operation\UnaryOperationMatcher.cpp">
      <Filter>Source Files</Filter>
    </ClCompile>
    <ClCompile Include="src\Parser\Component\Definition\Line\Statement\ElseStatementMatcher.cpp">
      <Filter>Source Files</Filter>
    </ClCompile>
    <ClCompile Include="src\Parser\Component\Definition\Line\Statement\ForStatementMatcher.cpp">
      <Filter>Source Files</Filter>
    </ClCompile>
    <ClCompile Include="src\Parser\Component\Definition\Line\Statement\IfStatementMatcher.cpp">
      <Filter>Source Files</Filter>
    </ClCompile>
    <ClCompile Include="src\Parser\Component\Definition\Line\Statement\ReturnStatementMatcher.cpp">
      <Filter>Source Files</Filter>
    </ClCompile>
    <ClCompile Include="src\Parser\Component\Definition\Line\Statement\StatementMatcher.cpp">
      <Filter>Source Files</Filter>
    </ClCompile>
    <ClCompile Include="src\Parser\Component\Definition\Line\Statement\WhileStatementMatcher.cpp">
      <Filter>Source Files</Filter>
    </ClCompile>
    <ClCompile Include="src\Parser\Component\Shared\BaseComponent.cpp">
      <Filter>Source Files</Filter>
    </ClCompile>
    <ClCompile Include="src\Parser\Component\Shared\VarTypeMatcher.cpp">
      <Filter>Source Files</Filter>
    </ClCompile>
    <ClCompile Include="src\Lexer\Matcher\GlobalTokenMatcher.cpp">
      <Filter>Source Files</Filter>
    </ClCompile>
    <ClCompile Include="src\Lexer\Matcher\ListTokenMatcher.cpp">
      <Filter>Source Files</Filter>
    </ClCompile>
    <ClCompile Include="src\Lexer\Matcher\LiteralsTokenMatcher.cpp">
      <Filter>Source Files</Filter>
    </ClCompile>
    <ClCompile Include="src\Lexer\Matcher\Char\CharTokenMatcher.cpp">
      <Filter>Source Files</Filter>
    </ClCompile>
    <ClCompile Include="src\Lexer\Matcher\Comment\CommentTokenMatcher.cpp">
      <Filter>Source Files</Filter>
    </ClCompile>
    <ClCompile Include="src\Lexer\Matcher\Float\FloatTokenMatcher.cpp">
      <Filter>Source Files</Filter>
    </ClCompile>
    <ClCompile Include="src\Lexer\Matcher\Integer\BinaryTokenMatcher.cpp">
      <Filter>Source Files</Filter>
    </ClCompile>
    <ClCompile Include="src\Lexer\Matcher\Integer\HexTokenMatcher.cpp">
      <Filter>Source Files</Filter>
    </ClCompile>
    <ClCompile Include="src\Lexer\Matcher\Integer\IntegerTokenMatcher.cpp">
      <Filter>Source Files</Filter>
    </ClCompile>
    <ClCompile Include="src\Lexer\Matcher\Integer\OctalTokenMatcher.cpp">
      <Filter>Source Files</Filter>
    </ClCompile>
    <ClCompile Include="src\Lexer\Matcher\Keyword\KeywordsTokenMatcher.cpp">
      <Filter>Source Files</Filter>
    </ClCompile>
    <ClCompile Include="src\Lexer\Matcher\String\StringTokenMatcher.cpp">
      <Filter>Source Files</Filter>
    </ClCompile>
    <ClCompile Include="src\Lexer\Matcher\Symbol\SymbolsTokenMatcher.cpp">
      <Filter>Source Files</Filter>
    </ClCompile>
    <ClCompile Include="src\Lexer\Matcher\Word\WordTokenMatcher.cpp">
      <Filter>Source Files</Filter>
    </ClCompile>
    <ClCompile Include="src\Lexer\Token\CharToken.cpp">
      <Filter>Source Files</Filter>
    </ClCompile>
    <ClCompile Include="src\Lexer\Token\EOFToken.cpp">
      <Filter>Source Files</Filter>
    </ClCompile>
    <ClCompile Include="src\Lexer\Token\FloatToken.cpp">
      <Filter>Source Files</Filter>
    </ClCompile>
    <ClCompile Include="src\Lexer\Token\IntegerToken.cpp">
      <Filter>Source Files</Filter>
    </ClCompile>
    <ClCompile Include="src\Lexer\Token\KeywordToken.cpp">
      <Filter>Source Files</Filter>
    </ClCompile>
    <ClCompile Include="src\Lexer\Token\StringToken.cpp">
      <Filter>Source Files</Filter>
    </ClCompile>
    <ClCompile Include="src\Lexer\Token\SymbolToken.cpp">
      <Filter>Source Files</Filter>
    </ClCompile>
    <ClCompile Include="src\Lexer\Token\Token.cpp">
      <Filter>Source Files</Filter>
    </ClCompile>
    <ClCompile Include="src\Lexer\Token\WordToken.cpp">
      <Filter>Source Files</Filter>
    </ClCompile>
    <ClCompile Include="src\Interpreter\ExprPart\ExprPart.cpp">
      <Filter>Source Files</Filter>
    </ClCompile>
    <ClCompile Include="src\Interpreter\ExprPart\ExprPartCast.cpp">
      <Filter>Source Files</Filter>
    </ClCompile>
    <ClCompile Include="src\Interpreter\ExprPart\ExprPartFnCall.cpp">
      <Filter>Source Files</Filter>
    </ClCompile>
    <ClCompile Include="src\Interpreter\ExprPart\ExprPartInitVLA.cpp">
      <Filter>Source Files</Filter>
    </ClCompile>
    <ClCompile Include="src\Interpreter\ExprPart\ExprPartIs.cpp">
      <Filter>Source Files</Filter>
    </ClCompile>
    <ClCompile Include="src\Interpreter\ExprPart\ExprPartOp.cpp">
      <Filter>Source Files</Filter>
    </ClCompile>
    <ClCompile Include="src\Interpreter\ExprPart\ExprPartTypeOf.cpp">
      <Filter>Source Files</Filter>
    </ClCompile>
    <ClCompile Include="src\Interpreter\ExprPart\ExprPartUnaryOp.cpp">
      <Filter>Source Files</Filter>
    </ClCompile>
    <ClCompile Include="src\Interpreter\ExprPart\ExprPartValue.cpp">
      <Filter>Source Files</Filter>
    </ClCompile>
    <ClCompile Include="src\Interpreter\ExprPart\ExprPartVar.cpp">
      <Filter>Source Files</Filter>
    </ClCompile>
    <ClCompile Include="src\Interpreter\Function\FunctionParameter.cpp">
      <Filter>Source Files</Filter>
    </ClCompile>
    <ClCompile Include="src\Interpreter\Function\UserFunction.cpp">
      <Filter>Source Files</Filter>
    </ClCompile>
    <ClCompile Include="src\Interpreter\Line\CodeBlock.cpp">
      <Filter>Source Files</Filter>
    </ClCompile>
    <ClCompile Include="src\Interpreter\Line\Expression.cpp">
      <Filter>Source Files</Filter>
    </ClCompile>
    <ClCompile Include="src\Interpreter\Line\Line.cpp">
      <Filter>Source Files</Filter>
    </ClCompile>
    <ClCompile Include="src\Interpreter\Line\LineResultReturn.cpp">
      <Filter>Source Files</Filter>
    </ClCompile>
    <ClCompile Include="src\Interpreter\Line\LineResultSimple.cpp">
      <Filter>Source Files</Filter>
    </ClCompile>
    <ClCompile Include="src\Interpreter\Line\Statement\BreakStatement.cpp">
      <Filter>Source Files</Filter>
    </ClCompile>
    <ClCompile Include="src\Interpreter\Line\Statement\ContinueStatement.cpp">
      <Filter>Source Files</Filter>
    </ClCompile>
    <ClCompile Include="src\Interpreter\Line\Statement\ForStatement.cpp">
      <Filter>Source Files</Filter>
    </ClCompile>
    <ClCompile Include="src\Interpreter\Line\Statement\IfStatement.cpp">
      <Filter>Source Files</Filter>
    </ClCompile>
    <ClCompile Include="src\Interpreter\Line\Statement\ReturnStatement.cpp">
      <Filter>Source Files</Filter>
    </ClCompile>
    <ClCompile Include="src\Interpreter\Line\Statement\WhileStatement.cpp">
      <Filter>Source Files</Filter>
    </ClCompile>
    <ClCompile Include="src\Interpreter\Type\AnyType.cpp">
      <Filter>Source Files</Filter>
    </ClCompile>
    <ClCompile Include="src\Interpreter\Type\ArrayType.cpp">
      <Filter>Source Files</Filter>
    </ClCompile>
    <ClCompile Include="src\Interpreter\Type\CharType.cpp">
      <Filter>Source Files</Filter>
    </ClCompile>
    <ClCompile Include="src\Interpreter\Type\FloatType.cpp">
      <Filter>Source Files</Filter>
    </ClCompile>
    <ClCompile Include="src\Interpreter\Type\IntType.cpp">
      <Filter>Source Files</Filter>
    </ClCompile>
    <ClCompile Include="src\Interpreter\Type\PointerType.cpp">
      <Filter>Source Files</Filter>
    </ClCompile>
    <ClCompile Include="src\Interpreter\Type\PrimitiveType.cpp">
      <Filter>Source Files</Filter>
    </ClCompile>
    <ClCompile Include="src\Interpreter\Type\StringType.cpp">
      <Filter>Source Files</Filter>
    </ClCompile>
    <ClCompile Include="src\Interpreter\Type\Type.cpp">
      <Filter>Source Files</Filter>
    </ClCompile>
    <ClCompile Include="src\Interpreter\Type\TypeType.cpp">
      <Filter>Source Files</Filter>
    </ClCompile>
    <ClCompile Include="src\Interpreter\Type\UnsignedCharType.cpp">
      <Filter>Source Files</Filter>
    </ClCompile>
    <ClCompile Include="src\Interpreter\Type\UnsignedIntType.cpp">
      <Filter>Source Files</Filter>
    </ClCompile>
    <ClCompile Include="src\Interpreter\Type\VoidType.cpp">
      <Filter>Source Files</Filter>
    </ClCompile>
    <ClCompile Include="src\Interpreter\Value\AnyValue.cpp">
      <Filter>Source Files</Filter>
    </ClCompile>
    <ClCompile Include="src\Interpreter\Value\ArrayValue.cpp">
      <Filter>Source Files</Filter>
    </ClCompile>
    <ClCompile Include="src\Interpreter\Value\CharValue.cpp">
      <Filter>Source Files</Filter>
    </ClCompile>
    <ClCompile Include="src\Interpreter\Value\ClassValue.cpp">
      <Filter>Source Files</Filter>
    </ClCompile>
    <ClCompile Include="src\Interpreter\Value\DummyValue.cpp">
      <Filter>Source Files</Filter>
    </ClCompile>
    <ClCompile Include="src\Interpreter\Value\FloatValue.cpp">
      <Filter>Source Files</Filter>
    </ClCompile>
    <ClCompile Include="src\Interpreter\Value\IntValue.cpp">
      <Filter>Source Files</Filter>
    </ClCompile>
    <ClCompile Include="src\Interpreter\Value\PointerValue.cpp">
      <Filter>Source Files</Filter>
    </ClCompile>
    <ClCompile Include="src\Interpreter\Value\PrimitiveValue.cpp">
      <Filter>Source Files</Filter>
    </ClCompile>
    <ClCompile Include="src\Interpreter\Value\StringValue.cpp">
      <Filter>Source Files</Filter>
    </ClCompile>
    <ClCompile Include="src\Interpreter\Value\TypeValue.cpp">
      <Filter>Source Files</Filter>
    </ClCompile>
    <ClCompile Include="src\Interpreter\Value\UnsignedCharValue.cpp">
      <Filter>Source Files</Filter>
    </ClCompile>
    <ClCompile Include="src\Interpreter\Value\UnsignedIntValue.cpp">
      <Filter>Source Files</Filter>
    </ClCompile>
    <ClCompile Include="src\Interpreter\Value\Value.cpp">
      <Filter>Source Files</Filter>
    </ClCompile>
    <ClCompile Include="src\Interpreter\Variable\AnyVariable.cpp">
      <Filter>Source Files</Filter>
    </ClCompile>
    <ClCompile Include="src\Interpreter\Variable\ArrayVariable.cpp">
      <Filter>Source Files</Filter>
    </ClCompile>
    <ClCompile Include="src\Interpreter\Variable\CharVariable.cpp">
      <Filter>Source Files</Filter>
    </ClCompile>
    <ClCompile Include="src\Interpreter\Variable\ClassVariable.cpp">
      <Filter>Source Files</Filter>
    </ClCompile>
    <ClCompile Include="src\Interpreter\Variable\DummyVariable.cpp">
      <Filter>Source Files</Filter>
    </ClCompile>
    <ClCompile Include="src\Interpreter\Variable\FloatVariable.cpp">
      <Filter>Source Files</Filter>
    </ClCompile>
    <ClCompile Include="src\Interpreter\Variable\IntVariable.cpp">
      <Filter>Source Files</Filter>
    </ClCompile>
    <ClCompile Include="src\Interpreter\Variable\PointerVariable.cpp">
      <Filter>Source Files</Filter>
    </ClCompile>
    <ClCompile Include="src\Interpreter\Variable\StringVariable.cpp">
      <Filter>Source Files</Filter>
    </ClCompile>
    <ClCompile Include="src\Interpreter\Variable\TypeVariable.cpp">
      <Filter>Source Files</Filter>
    </ClCompile>
    <ClCompile Include="src\Interpreter\Variable\UnsignedCharVariable.cpp">
      <Filter>Source Files</Filter>
    </ClCompile>
    <ClCompile Include="src\Interpreter\Variable\UnsignedIntVariable.cpp">
      <Filter>Source Files</Filter>
    </ClCompile>
    <ClCompile Include="src\Interpreter\Variable\Variable.cpp">
      <Filter>Source Files</Filter>
    </ClCompile>
    <ClCompile Include="src\Interpreter\Type\ReferenceType.cpp">
      <Filter>Source Files</Filter>
    </ClCompile>
    <ClCompile Include="src\Interpreter\Variable\ReferenceVariable.cpp">
      <Filter>Source Files</Filter>
    </ClCompile>
    <ClCompile Include="src\Interpreter\Struct.cpp">
      <Filter>Source Files</Filter>
    </ClCompile>
  </ItemGroup>
  <ItemGroup>
    <ClInclude Include="include\deflib.h">
      <Filter>Header Files</Filter>
    </ClInclude>
    <ClInclude Include="include\preprocessor.h">
      <Filter>Header Files</Filter>
    </ClInclude>
    <ClInclude Include="include\symbols_keywords.h">
      <Filter>Header Files</Filter>
    </ClInclude>
    <ClInclude Include="include\interpreter\AnyType.h">
      <Filter>Header Files</Filter>
    </ClInclude>
    <ClInclude Include="include\interpreter\AnyValue.h">
      <Filter>Header Files</Filter>
    </ClInclude>
    <ClInclude Include="include\interpreter\AnyVariable.h">
      <Filter>Header Files</Filter>
    </ClInclude>
    <ClInclude Include="include\interpreter\ArrayType.h">
      <Filter>Header Files</Filter>
    </ClInclude>
    <ClInclude Include="include\interpreter\ArrayValue.h">
      <Filter>Header Files</Filter>
    </ClInclude>
    <ClInclude Include="include\interpreter\ArrayVariable.h">
      <Filter>Header Files</Filter>
    </ClInclude>
    <ClInclude Include="include\interpreter\BreakStatement.h">
      <Filter>Header Files</Filter>
    </ClInclude>
    <ClInclude Include="include\interpreter\CharType.h">
      <Filter>Header Files</Filter>
    </ClInclude>
    <ClInclude Include="include\interpreter\CharValue.h">
      <Filter>Header Files</Filter>
    </ClInclude>
    <ClInclude Include="include\interpreter\CharVariable.h">
      <Filter>Header Files</Filter>
    </ClInclude>
    <ClInclude Include="include\interpreter\Class.h">
      <Filter>Header Files</Filter>
    </ClInclude>
    <ClInclude Include="include\interpreter\ClassValue.h">
      <Filter>Header Files</Filter>
    </ClInclude>
    <ClInclude Include="include\interpreter\ClassVariable.h">
      <Filter>Header Files</Filter>
    </ClInclude>
    <ClInclude Include="include\interpreter\CodeBlock.h">
      <Filter>Header Files</Filter>
    </ClInclude>
    <ClInclude Include="include\interpreter\ContinueStatement.h">
      <Filter>Header Files</Filter>
    </ClInclude>
    <ClInclude Include="include\interpreter\DefaultFrame.h">
      <Filter>Header Files</Filter>
    </ClInclude>
    <ClInclude Include="include\interpreter\DummyValue.h">
      <Filter>Header Files</Filter>
    </ClInclude>
    <ClInclude Include="include\interpreter\DummyVariable.h">
      <Filter>Header Files</Filter>
    </ClInclude>
    <ClInclude Include="include\interpreter\ExecFrame.h">
      <Filter>Header Files</Filter>
    </ClInclude>
    <ClInclude Include="include\interpreter\Expression.h">
      <Filter>Header Files</Filter>
    </ClInclude>
    <ClInclude Include="include\interpreter\ExprPart.h">
      <Filter>Header Files</Filter>
    </ClInclude>
    <ClInclude Include="include\interpreter\ExprPartCast.h">
      <Filter>Header Files</Filter>
    </ClInclude>
    <ClInclude Include="include\interpreter\ExprPartFnCall.h">
      <Filter>Header Files</Filter>
    </ClInclude>
    <ClInclude Include="include\interpreter\ExprPartInitVLA.h">
      <Filter>Header Files</Filter>
    </ClInclude>
    <ClInclude Include="include\interpreter\ExprPartIs.h">
      <Filter>Header Files</Filter>
    </ClInclude>
    <ClInclude Include="include\interpreter\ExprPartOp.h">
      <Filter>Header Files</Filter>
    </ClInclude>
    <ClInclude Include="include\interpreter\ExprPartTypeOf.h">
      <Filter>Header Files</Filter>
    </ClInclude>
    <ClInclude Include="include\interpreter\ExprPartUnaryOp.h">
      <Filter>Header Files</Filter>
    </ClInclude>
    <ClInclude Include="include\interpreter\ExprPartValue.h">
      <Filter>Header Files</Filter>
    </ClInclude>
    <ClInclude Include="include\interpreter\ExprPartVar.h">
      <Filter>Header Files</Filter>
    </ClInclude>
    <ClInclude Include="include\interpreter\FloatType.h">
      <Filter>Header Files</Filter>
    </ClInclude>
    <ClInclude Include="include\interpreter\FloatValue.h">
      <Filter>Header Files</Filter>
    </ClInclude>
    <ClInclude Include="include\interpreter\FloatVariable.h">
      <Filter>Header Files</Filter>
    </ClInclude>
    <ClInclude Include="include\interpreter\ForStatement.h">
      <Filter>Header Files</Filter>
    </ClInclude>
    <ClInclude Include="include\interpreter\Function.h">
      <Filter>Header Files</Filter>
    </ClInclude>
    <ClInclude Include="include\interpreter\FunctionParameter.h">
      <Filter>Header Files</Filter>
    </ClInclude>
    <ClInclude Include="include\interpreter\IfStatement.h">
      <Filter>Header Files</Filter>
    </ClInclude>
    <ClInclude Include="include\interpreter\IntType.h">
      <Filter>Header Files</Filter>
    </ClInclude>
    <ClInclude Include="include\interpreter\IntValue.h">
      <Filter>Header Files</Filter>
    </ClInclude>
    <ClInclude Include="include\interpreter\IntVariable.h">
      <Filter>Header Files</Filter>
    </ClInclude>
    <ClInclude Include="include\interpreter\Line.h">
      <Filter>Header Files</Filter>
    </ClInclude>
    <ClInclude Include="include\interpreter\LineResult.h">
      <Filter>Header Files</Filter>
    </ClInclude>
    <ClInclude Include="include\interpreter\LineResultReturn.h">
      <Filter>Header Files</Filter>
    </ClInclude>
    <ClInclude Include="include\interpreter\LineResultSimple.h">
      <Filter>Header Files</Filter>
    </ClInclude>
    <ClInclude Include="include\interpreter\PointerType.h">
      <Filter>Header Files</Filter>
    </ClInclude>
    <ClInclude Include="include\interpreter\PointerValue.h">
      <Filter>Header Files</Filter>
    </ClInclude>
    <ClInclude Include="include\interpreter\PointerVariable.h">
      <Filter>Header Files</Filter>
    </ClInclude>
    <ClInclude Include="include\interpreter\PrimitiveType.h">
      <Filter>Header Files</Filter>
    </ClInclude>
    <ClInclude Include="include\interpreter\PrimitiveValue.h">
      <Filter>Header Files</Filter>
    </ClInclude>
    <ClInclude Include="include\interpreter\ReturnStatement.h">
      <Filter>Header Files</Filter>
    </ClInclude>
    <ClInclude Include="include\interpreter\StringType.h">
      <Filter>Header Files</Filter>
    </ClInclude>
    <ClInclude Include="include\interpreter\StringValue.h">
      <Filter>Header Files</Filter>
    </ClInclude>
    <ClInclude Include="include\interpreter\StringVariable.h">
      <Filter>Header Files</Filter>
    </ClInclude>
    <ClInclude Include="include\interpreter\Type.h">
      <Filter>Header Files</Filter>
    </ClInclude>
    <ClInclude Include="include\interpreter\TypeType.h">
      <Filter>Header Files</Filter>
    </ClInclude>
    <ClInclude Include="include\interpreter\TypeValue.h">
      <Filter>Header Files</Filter>
    </ClInclude>
    <ClInclude Include="include\interpreter\TypeVariable.h">
      <Filter>Header Files</Filter>
    </ClInclude>
    <ClInclude Include="include\interpreter\UnsignedCharType.h">
      <Filter>Header Files</Filter>
    </ClInclude>
    <ClInclude Include="include\interpreter\UnsignedCharValue.h">
      <Filter>Header Files</Filter>
    </ClInclude>
    <ClInclude Include="include\interpreter\UnsignedCharVariable.h">
      <Filter>Header Files</Filter>
    </ClInclude>
    <ClInclude Include="include\interpreter\UnsignedIntType.h">
      <Filter>Header Files</Filter>
    </ClInclude>
    <ClInclude Include="include\interpreter\UnsignedIntValue.h">
      <Filter>Header Files</Filter>
    </ClInclude>
    <ClInclude Include="include\interpreter\UnsignedIntVariable.h">
      <Filter>Header Files</Filter>
    </ClInclude>
    <ClInclude Include="include\interpreter\UserFunction.h">
      <Filter>Header Files</Filter>
    </ClInclude>
    <ClInclude Include="include\interpreter\Value.h">
      <Filter>Header Files</Filter>
    </ClInclude>
    <ClInclude Include="include\interpreter\valueToString.h">
      <Filter>Header Files</Filter>
    </ClInclude>
    <ClInclude Include="include\interpreter\Variable.h">
      <Filter>Header Files</Filter>
    </ClInclude>
    <ClInclude Include="include\interpreter\VoidType.h">
      <Filter>Header Files</Filter>
    </ClInclude>
    <ClInclude Include="include\interpreter\WhileStatement.h">
      <Filter>Header Files</Filter>
    </ClInclude>
    <ClInclude Include="include\lexer\BinaryTokenMatcher.h">
      <Filter>Header Files</Filter>
    </ClInclude>
    <ClInclude Include="include\lexer\CharToken.h">
      <Filter>Header Files</Filter>
    </ClInclude>
    <ClInclude Include="include\lexer\CharTokenMatcher.h">
      <Filter>Header Files</Filter>
    </ClInclude>
    <ClInclude Include="include\lexer\CommentTokenMatcher.h">
      <Filter>Header Files</Filter>
    </ClInclude>
    <ClInclude Include="include\lexer\EOFToken.h">
      <Filter>Header Files</Filter>
    </ClInclude>
    <ClInclude Include="include\lexer\FloatToken.h">
      <Filter>Header Files</Filter>
    </ClInclude>
    <ClInclude Include="include\lexer\FloatTokenMatcher.h">
      <Filter>Header Files</Filter>
    </ClInclude>
    <ClInclude Include="include\lexer\GlobalTokenMatcher.h">
      <Filter>Header Files</Filter>
    </ClInclude>
    <ClInclude Include="include\lexer\HexTokenMatcher.h">
      <Filter>Header Files</Filter>
    </ClInclude>
    <ClInclude Include="include\lexer\hex_read_util.h">
      <Filter>Header Files</Filter>
    </ClInclude>
    <ClInclude Include="include\lexer\IntegerToken.h">
      <Filter>Header Files</Filter>
    </ClInclude>
    <ClInclude Include="include\lexer\IntegerTokenMatcher.h">
      <Filter>Header Files</Filter>
    </ClInclude>
    <ClInclude Include="include\lexer\KeywordsTokenMatcher.h">
      <Filter>Header Files</Filter>
    </ClInclude>
    <ClInclude Include="include\lexer\KeywordToken.h">
      <Filter>Header Files</Filter>
    </ClInclude>
    <ClInclude Include="include\lexer\keyword_data.h">
      <Filter>Header Files</Filter>
    </ClInclude>
    <ClInclude Include="include\lexer\Lexer.h">
      <Filter>Header Files</Filter>
    </ClInclude>
    <ClInclude Include="include\lexer\ListTokenMatcher.h">
      <Filter>Header Files</Filter>
    </ClInclude>
    <ClInclude Include="include\lexer\LiteralsTokenMatcher.h">
      <Filter>Header Files</Filter>
    </ClInclude>
    <ClInclude Include="include\lexer\OctalTokenMatcher.h">
      <Filter>Header Files</Filter>
    </ClInclude>
    <ClInclude Include="include\lexer\StringToken.h">
      <Filter>Header Files</Filter>
    </ClInclude>
    <ClInclude Include="include\lexer\StringTokenMatcher.h">
      <Filter>Header Files</Filter>
    </ClInclude>
    <ClInclude Include="include\lexer\SymbolsTokenMatcher.h">
      <Filter>Header Files</Filter>
    </ClInclude>
    <ClInclude Include="include\lexer\SymbolToken.h">
      <Filter>Header Files</Filter>
    </ClInclude>
    <ClInclude Include="include\lexer\symbol_data.h">
      <Filter>Header Files</Filter>
    </ClInclude>
    <ClInclude Include="include\lexer\Token.h">
      <Filter>Header Files</Filter>
    </ClInclude>
    <ClInclude Include="include\lexer\TokenMatcher.h">
      <Filter>Header Files</Filter>
    </ClInclude>
    <ClInclude Include="include\lexer\token_type.h">
      <Filter>Header Files</Filter>
    </ClInclude>
    <ClInclude Include="include\lexer\WordToken.h">
      <Filter>Header Files</Filter>
    </ClInclude>
    <ClInclude Include="include\lexer\WordTokenMatcher.h">
      <Filter>Header Files</Filter>
    </ClInclude>
    <ClInclude Include="include\myexcept\FileError.h">
      <Filter>Header Files</Filter>
    </ClInclude>
    <ClInclude Include="include\myexcept\InterpreterRuntimeError.h">
      <Filter>Header Files</Filter>
    </ClInclude>
    <ClInclude Include="include\myexcept\MyExcept.h">
      <Filter>Header Files</Filter>
    </ClInclude>
    <ClInclude Include="include\myexcept\NoMatchException.h">
      <Filter>Header Files</Filter>
    </ClInclude>
    <ClInclude Include="include\myexcept\ParseError.h">
      <Filter>Header Files</Filter>
    </ClInclude>
    <ClInclude Include="include\myexcept\SyntaxError.h">
      <Filter>Header Files</Filter>
    </ClInclude>
    <ClInclude Include="include\parser\BaseComponent.h">
      <Filter>Header Files</Filter>
    </ClInclude>
    <ClInclude Include="include\parser\BinaryOperation.h">
      <Filter>Header Files</Filter>
    </ClInclude>
    <ClInclude Include="include\parser\BinaryOperationMatcher.h">
      <Filter>Header Files</Filter>
    </ClInclude>
    <ClInclude Include="include\parser\ClassDefinition.h">
      <Filter>Header Files</Filter>
    </ClInclude>
    <ClInclude Include="include\parser\ClassDefinitionMatcher.h">
      <Filter>Header Files</Filter>
    </ClInclude>
    <ClInclude Include="include\parser\CodeBlock.h">
      <Filter>Header Files</Filter>
    </ClInclude>
    <ClInclude Include="include\parser\CodeBlockMatcher.h">
      <Filter>Header Files</Filter>
    </ClInclude>
    <ClInclude Include="include\parser\Definition.h">
      <Filter>Header Files</Filter>
    </ClInclude>
    <ClInclude Include="include\parser\DefinitionMatcher.h">
      <Filter>Header Files</Filter>
    </ClInclude>
    <ClInclude Include="include\parser\ElseStatement.h">
      <Filter>Header Files</Filter>
    </ClInclude>
    <ClInclude Include="include\parser\ElseStatementMatcher.h">
      <Filter>Header Files</Filter>
    </ClInclude>
    <ClInclude Include="include\parser\Expression.h">
      <Filter>Header Files</Filter>
    </ClInclude>
    <ClInclude Include="include\parser\ExpressionGroup.h">
      <Filter>Header Files</Filter>
    </ClInclude>
    <ClInclude Include="include\parser\ExpressionGroupMatcher.h">
      <Filter>Header Files</Filter>
    </ClInclude>
    <ClInclude Include="include\parser\ExpressionList.h">
      <Filter>Header Files</Filter>
    </ClInclude>
    <ClInclude Include="include\parser\ExpressionListMatcher.h">
      <Filter>Header Files</Filter>
    </ClInclude>
    <ClInclude Include="include\parser\ExpressionMatcher.h">
      <Filter>Header Files</Filter>
    </ClInclude>
    <ClInclude Include="include\parser\ExpressionTerm.h">
      <Filter>Header Files</Filter>
    </ClInclude>
    <ClInclude Include="include\parser\ExpressionTermMatcher.h">
      <Filter>Header Files</Filter>
    </ClInclude>
    <ClInclude Include="include\parser\ForStatement.h">
      <Filter>Header Files</Filter>
    </ClInclude>
    <ClInclude Include="include\parser\ForStatementMatcher.h">
      <Filter>Header Files</Filter>
    </ClInclude>
    <ClInclude Include="include\parser\FunctionCall.h">
      <Filter>Header Files</Filter>
    </ClInclude>
    <ClInclude Include="include\parser\FunctionCallMatcher.h">
      <Filter>Header Files</Filter>
    </ClInclude>
    <ClInclude Include="include\parser\FunctionDefinition.h">
      <Filter>Header Files</Filter>
    </ClInclude>
    <ClInclude Include="include\parser\FunctionDefinitionMatcher.h">
      <Filter>Header Files</Filter>
    </ClInclude>
    <ClInclude Include="include\parser\FunctionDefinitionParameter.h">
      <Filter>Header Files</Filter>
    </ClInclude>
    <ClInclude Include="include\parser\FunctionDefinitionParameterMatcher.h">
      <Filter>Header Files</Filter>
    </ClInclude>
    <ClInclude Include="include\parser\IfStatement.h">
      <Filter>Header Files</Filter>
    </ClInclude>
    <ClInclude Include="include\parser\IfStatementMatcher.h">
      <Filter>Header Files</Filter>
    </ClInclude>
    <ClInclude Include="include\parser\KeywordFunctionCall.h">
      <Filter>Header Files</Filter>
    </ClInclude>
    <ClInclude Include="include\parser\KeywordFunctionCallMatcher.h">
      <Filter>Header Files</Filter>
    </ClInclude>
    <ClInclude Include="include\parser\Line.h">
      <Filter>Header Files</Filter>
    </ClInclude>
    <ClInclude Include="include\parser\LineMatcher.h">
      <Filter>Header Files</Filter>
    </ClInclude>
    <ClInclude Include="include\parser\MemberDefinition.h">
      <Filter>Header Files</Filter>
    </ClInclude>
    <ClInclude Include="include\parser\MemberDefinitionMatcher.h">
      <Filter>Header Files</Filter>
    </ClInclude>
    <ClInclude Include="include\parser\Parser.h">
      <Filter>Header Files</Filter>
    </ClInclude>
    <ClInclude Include="include\parser\ParserExpressionOperatorPrecedence.h">
      <Filter>Header Files</Filter>
    </ClInclude>
    <ClInclude Include="include\parser\ResultPart.h">
      <Filter>Header Files</Filter>
    </ClInclude>
    <ClInclude Include="include\parser\ReturnStatement.h">
      <Filter>Header Files</Filter>
    </ClInclude>
    <ClInclude Include="include\parser\ReturnStatementMatcher.h">
      <Filter>Header Files</Filter>
    </ClInclude>
    <ClInclude Include="include\parser\Statement.h">
      <Filter>Header Files</Filter>
    </ClInclude>
    <ClInclude Include="include\parser\StatementMatcher.h">
      <Filter>Header Files</Filter>
    </ClInclude>
    <ClInclude Include="include\parser\StructDefinition.h">
      <Filter>Header Files</Filter>
    </ClInclude>
    <ClInclude Include="include\parser\StructDefinitionMatcher.h">
      <Filter>Header Files</Filter>
    </ClInclude>
    <ClInclude Include="include\parser\UnaryOperation.h">
      <Filter>Header Files</Filter>
    </ClInclude>
    <ClInclude Include="include\parser\UnaryOperationMatcher.h">
      <Filter>Header Files</Filter>
    </ClInclude>
    <ClInclude Include="include\parser\VariableDefinition.h">
      <Filter>Header Files</Filter>
    </ClInclude>
    <ClInclude Include="include\parser\VariableDefinitionItem.h">
      <Filter>Header Files</Filter>
    </ClInclude>
    <ClInclude Include="include\parser\VariableDefinitionItemMatcher.h">
      <Filter>Header Files</Filter>
    </ClInclude>
    <ClInclude Include="include\parser\VariableDefinitionMatcher.h">
      <Filter>Header Files</Filter>
    </ClInclude>
    <ClInclude Include="include\parser\VarType.h">
      <Filter>Header Files</Filter>
    </ClInclude>
    <ClInclude Include="include\parser\VarTypeMatcher.h">
      <Filter>Header Files</Filter>
    </ClInclude>
    <ClInclude Include="include\parser\WhileStatement.h">
      <Filter>Header Files</Filter>
    </ClInclude>
    <ClInclude Include="include\parser\WhileStatementMatcher.h">
      <Filter>Header Files</Filter>
    </ClInclude>
    <ClInclude Include="include\printf\Printf.h">
      <Filter>Header Files</Filter>
    </ClInclude>
    <ClInclude Include="include\printf\ValueContainer.h">
      <Filter>Header Files</Filter>
    </ClInclude>
    <ClInclude Include="include\util\Console.h">
      <Filter>Header Files</Filter>
    </ClInclude>
    <ClInclude Include="include\util\InterpreterUtilDefinesMisc.h">
      <Filter>Header Files</Filter>
    </ClInclude>
    <ClInclude Include="include\util\read_file.h">
      <Filter>Header Files</Filter>
    </ClInclude>
    <ClInclude Include="src\Interpreter\Value\interpreter_intlike_assignment_method.inc.h">
      <Filter>Header Files</Filter>
    </ClInclude>
    <ClInclude Include="src\Interpreter\Value\interpreter_intlike_comparison_method.inc.h">
      <Filter>Header Files</Filter>
    </ClInclude>
    <ClInclude Include="src\Interpreter\Value\interpreter_intlike_inttype_assignment_method.inc.h">
      <Filter>Header Files</Filter>
    </ClInclude>
    <ClInclude Include="src\Interpreter\Value\interpreter_intlike_inttype_math_method.inc.h">
      <Filter>Header Files</Filter>
    </ClInclude>
    <ClInclude Include="src\Interpreter\Value\interpreter_intlike_methods.inc.h">
      <Filter>Header Files</Filter>
    </ClInclude>
    <ClInclude Include="src\Interpreter\Value\interpreter_intlike_simple_math_method.inc.h">
      <Filter>Header Files</Filter>
    </ClInclude>
    <ClInclude Include="include\Interpreter\ReferenceType.h">
      <Filter>Header Files</Filter>
    </ClInclude>
    <ClInclude Include="include\Interpreter\ReferenceVariable.h">
      <Filter>Header Files</Filter>
    </ClInclude>
    <ClInclude Include="include\Interpreter\Struct.h">
      <Filter>Header Files</Filter>
    </ClInclude>
  </ItemGroup>
</Project>