<?xml version="1.0" encoding="UTF-8" standalone="yes" ?>
<CodeBlocks_project_file>
	<FileVersion major="1" minor="6" />
	<Project>
		<Option title="Interpreter" />
		<Option pch_mode="2" />
		<Option compiler="gcc" />
		<Build>
			<Target title="Debug">
				<Option output="bin/Debug/Interpreter" prefix_auto="1" extension_auto="1" />
				<Option object_output="obj/Debug/" />
				<Option type="1" />
				<Option compiler="gcc" />
				<Compiler>
					<Add option="-g" />
					<Add directory="include" />
				</Compiler>
			</Target>
			<Target title="Release">
				<Option output="bin/Release/Interpreter" prefix_auto="1" extension_auto="1" />
				<Option object_output="obj/Release/" />
				<Option type="1" />
				<Option compiler="gcc" />
				<Compiler>
					<Add option="-O2" />
					<Add directory="include" />
				</Compiler>
				<Linker>
					<Add option="-s" />
				</Linker>
			</Target>
		</Build>
		<Compiler>
			<Add option="-Wall" />
			<Add option="-std=c++14" />
			<Add option="-fexceptions" />
		</Compiler>
		<Unit filename="include/Interpreter_Test.h" />
		<Unit filename="include/console.h" />
		<Unit filename="include/deflib.h" />
		<Unit filename="include/file_error.h" />
		<Unit filename="include/hex_read_util.h" />
		<Unit filename="include/interpreter_any_type.h" />
		<Unit filename="include/interpreter_any_value.h" />
		<Unit filename="include/interpreter_any_variable.h" />
		<Unit filename="include/interpreter_array_type.h" />
		<Unit filename="include/interpreter_array_value.h" />
		<Unit filename="include/interpreter_array_variable.h" />
		<Unit filename="include/interpreter_break_statement.h" />
		<Unit filename="include/interpreter_char_type.h" />
		<Unit filename="include/interpreter_class.h" />
		<Unit filename="include/interpreter_class_reference_variable.h" />
		<Unit filename="include/interpreter_class_value.h" />
		<Unit filename="include/interpreter_class_variable.h" />
		<Unit filename="include/interpreter_code_block.h" />
		<Unit filename="include/interpreter_continue_statement.h" />
		<Unit filename="include/interpreter_default_frame.h" />
		<Unit filename="include/interpreter_dummy_value.h" />
		<Unit filename="include/interpreter_dummy_variable.h" />
		<Unit filename="include/interpreter_exec_frame.h" />
		<Unit filename="include/interpreter_expr_part.h" />
		<Unit filename="include/interpreter_expr_part_fn_call.h" />
		<Unit filename="include/interpreter_expr_part_op.h" />
		<Unit filename="include/interpreter_expr_part_unary_op.h" />
		<Unit filename="include/interpreter_expr_part_value.h" />
		<Unit filename="include/interpreter_expr_part_var.h" />
		<Unit filename="include/interpreter_expression.h" />
		<Unit filename="include/interpreter_float_type.h" />
		<Unit filename="include/interpreter_float_value.h" />
		<Unit filename="include/interpreter_float_variable.h" />
		<Unit filename="include/interpreter_for_statement.h" />
		<Unit filename="include/interpreter_function.h" />
		<Unit filename="include/interpreter_function_parameter.h" />
		<Unit filename="include/interpreter_if_statement.h" />
		<Unit filename="include/interpreter_int_type.h" />
		<Unit filename="include/interpreter_int_value.h" />
		<Unit filename="include/interpreter_int_variable.h" />
		<Unit filename="include/interpreter_line.h" />
		<Unit filename="include/interpreter_line_result.h" />
		<Unit filename="include/interpreter_line_result_return.h" />
		<Unit filename="include/interpreter_line_result_simple.h" />
		<Unit filename="include/interpreter_primitive_type.h" />
		<Unit filename="include/interpreter_return_statement.h" />
		<Unit filename="include/interpreter_runtime_error.h" />
		<Unit filename="include/interpreter_string_type.h" />
		<Unit filename="include/interpreter_string_value.h" />
		<Unit filename="include/interpreter_string_variable.h" />
		<Unit filename="include/interpreter_type.h" />
		<Unit filename="include/interpreter_unsigned_char_type.h" />
		<Unit filename="include/interpreter_unsigned_int_type.h" />
		<Unit filename="include/interpreter_user_function.h" />
		<Unit filename="include/interpreter_util_defines_misc.h" />
		<Unit filename="include/interpreter_value.h" />
		<Unit filename="include/interpreter_variable.h" />
		<Unit filename="include/interpreter_void_type.h" />
		<Unit filename="include/interpreter_while_statement.h" />
		<Unit filename="include/keyword_data.h" />
		<Unit filename="include/keyword_type.h" />
		<Unit filename="include/lexer.h" />
		<Unit filename="include/lexer_binary_token_matcher.h" />
		<Unit filename="include/lexer_comment_token_matcher.h" />
		<Unit filename="include/lexer_eof_token.h" />
		<Unit filename="include/lexer_float_token.h" />
		<Unit filename="include/lexer_float_token_matcher.h" />
		<Unit filename="include/lexer_global_token_matcher.h" />
		<Unit filename="include/lexer_hex_token_matcher.h" />
		<Unit filename="include/lexer_integer_token.h" />
		<Unit filename="include/lexer_integer_token_matcher.h" />
		<Unit filename="include/lexer_keyword_token.h" />
		<Unit filename="include/lexer_keywords_token_matcher.h" />
		<Unit filename="include/lexer_list_token_matcher.h" />
		<Unit filename="include/lexer_literals_token_matcher.h" />
		<Unit filename="include/lexer_octal_token_matcher.h" />
		<Unit filename="include/lexer_single_quote_string_token_matcher.h" />
		<Unit filename="include/lexer_string_token.h" />
		<Unit filename="include/lexer_string_token_matcher.h" />
		<Unit filename="include/lexer_symbol_token.h" />
		<Unit filename="include/lexer_symbols_token_matcher.h" />
		<Unit filename="include/lexer_token.h" />
		<Unit filename="include/lexer_token_matcher.h" />
		<Unit filename="include/lexer_token_type.h" />
		<Unit filename="include/lexer_word_token.h" />
		<Unit filename="include/lexer_word_token_matcher.h" />
		<Unit filename="include/my_except.h" />
		<Unit filename="include/no_match_exception.h" />
		<Unit filename="include/parse_error.h" />
		<Unit filename="include/parser.h" />
		<Unit filename="include/parser_binary_operation.h" />
		<Unit filename="include/parser_binary_operation_matcher.h" />
		<Unit filename="include/parser_code_block.h" />
		<Unit filename="include/parser_code_block_matcher.h" />
		<Unit filename="include/parser_component.h" />
		<Unit filename="include/parser_definition.h" />
		<Unit filename="include/parser_definition_matcher.h" />
		<Unit filename="include/parser_else_statement.h" />
		<Unit filename="include/parser_else_statement_matcher.h" />
		<Unit filename="include/parser_expression.h" />
		<Unit filename="include/parser_expression_group.h" />
		<Unit filename="include/parser_expression_group_matcher.h" />
		<Unit filename="include/parser_expression_list.h" />
		<Unit filename="include/parser_expression_list_matcher.h" />
		<Unit filename="include/parser_expression_matcher.h" />
		<Unit filename="include/parser_expression_operator_precedence.h" />
		<Unit filename="include/parser_expression_term.h" />
		<Unit filename="include/parser_expression_term_matcher.h" />
		<Unit filename="include/parser_for_statement.h" />
		<Unit filename="include/parser_for_statement_matcher.h" />
		<Unit filename="include/parser_function_call.h" />
		<Unit filename="include/parser_function_call_matcher.h" />
		<Unit filename="include/parser_function_definition.h" />
		<Unit filename="include/parser_function_definition_matcher.h" />
		<Unit filename="include/parser_function_definition_parameter.h" />
		<Unit filename="include/parser_function_definition_parameter_matcher.h" />
		<Unit filename="include/parser_if_statement.h" />
		<Unit filename="include/parser_if_statment_matcher.h" />
		<Unit filename="include/parser_line.h" />
		<Unit filename="include/parser_line_matcher.h" />
		<Unit filename="include/parser_result_part.h" />
		<Unit filename="include/parser_return_statement.h" />
		<Unit filename="include/parser_return_statement_matcher.h" />
		<Unit filename="include/parser_statement.h" />
		<Unit filename="include/parser_statement_matcher.h" />
		<Unit filename="include/parser_unary_operation.h" />
		<Unit filename="include/parser_unary_operation_matcher.h" />
		<Unit filename="include/parser_var_type.h" />
		<Unit filename="include/parser_var_type_matcher.h" />
		<Unit filename="include/parser_variable_definition.h" />
		<Unit filename="include/parser_variable_definition_item.h" />
		<Unit filename="include/parser_variable_definition_item_matcher.h" />
		<Unit filename="include/parser_variable_definition_matcher.h" />
		<Unit filename="include/parser_while_statement.h" />
		<Unit filename="include/parser_while_statement_matcher.h" />
		<Unit filename="include/preprocessor.h" />
		<Unit filename="include/read_file.h" />
		<Unit filename="include/symbol_data.h" />
		<Unit filename="include/symbol_type.h" />
		<Unit filename="include/symbols_keywords.h" />
		<Unit filename="include/syntax_error.h" />
		<Unit filename="src/deflib.cpp" />
		<Unit filename="src/interpreter/expr_part/interpreter_expr_part.cpp" />
		<Unit filename="src/interpreter/expr_part/interpreter_expr_part_fn_call.cpp" />
		<Unit filename="src/interpreter/expr_part/interpreter_expr_part_op.cpp" />
		<Unit filename="src/interpreter/expr_part/interpreter_expr_part_unary_op.cpp" />
		<Unit filename="src/interpreter/expr_part/interpreter_expr_part_value.cpp" />
		<Unit filename="src/interpreter/expr_part/interpreter_expr_part_var.cpp" />
		<Unit filename="src/interpreter/function/interpreter_function_parameter.cpp" />
		<Unit filename="src/interpreter/function/interpreter_user_function.cpp" />
		<Unit filename="src/interpreter/interpreter_class.cpp" />
		<Unit filename="src/interpreter/interpreter_default_frame.cpp" />
		<Unit filename="src/interpreter/interpreter_exec_frame.cpp" />
		<Unit filename="src/interpreter/lines/interpreter_code_block.cpp" />
		<Unit filename="src/interpreter/lines/interpreter_expression.cpp" />
		<Unit filename="src/interpreter/lines/interpreter_line.cpp" />
		<Unit filename="src/interpreter/lines/interpreter_line_result_return.cpp" />
		<Unit filename="src/interpreter/lines/interpreter_line_result_simple.cpp" />
		<Unit filename="src/interpreter/lines/statements/interpreter_break_statement.cpp" />
		<Unit filename="src/interpreter/lines/statements/interpreter_continue_statement.cpp" />
		<Unit filename="src/interpreter/lines/statements/interpreter_for_statement.cpp" />
		<Unit filename="src/interpreter/lines/statements/interpreter_if_statement.cpp" />
		<Unit filename="src/interpreter/lines/statements/interpreter_return_statement.cpp" />
		<Unit filename="src/interpreter/lines/statements/interpreter_while_statement.cpp" />
		<Unit filename="src/interpreter/types/interpreter_any_type.cpp" />
		<Unit filename="src/interpreter/types/interpreter_array_type.cpp" />
		<Unit filename="src/interpreter/types/interpreter_char_type.cpp" />
		<Unit filename="src/interpreter/types/interpreter_float_type.cpp" />
		<Unit filename="src/interpreter/types/interpreter_int_type.cpp" />
		<Unit filename="src/interpreter/types/interpreter_primitive_type.cpp" />
		<Unit filename="src/interpreter/types/interpreter_string_type.cpp" />
		<Unit filename="src/interpreter/types/interpreter_type.cpp" />
		<Unit filename="src/interpreter/types/interpreter_unsigned_char_type.cpp" />
		<Unit filename="src/interpreter/types/interpreter_unsigned_int_type.cpp" />
		<Unit filename="src/interpreter/types/interpreter_void_type.cpp" />
		<Unit filename="src/interpreter/values/interpreter_any_value.cpp" />
		<Unit filename="src/interpreter/values/interpreter_array_value.cpp" />
		<Unit filename="src/interpreter/values/interpreter_class_value.cpp" />
		<Unit filename="src/interpreter/values/interpreter_dummy_value.cpp" />
		<Unit filename="src/interpreter/values/interpreter_float_value.cpp" />
		<Unit filename="src/interpreter/values/interpreter_int_value.cpp" />
		<Unit filename="src/interpreter/values/interpreter_string_value.cpp" />
		<Unit filename="src/interpreter/values/interpreter_value.cpp" />
		<Unit filename="src/interpreter/variables/interpreter_any_variable.cpp" />
		<Unit filename="src/interpreter/variables/interpreter_array_variable.cpp" />
		<Unit filename="src/interpreter/variables/interpreter_class_reference_variable.cpp" />
		<Unit filename="src/interpreter/variables/interpreter_class_variable.cpp" />
		<Unit filename="src/interpreter/variables/interpreter_dummy_variable.cpp" />
		<Unit filename="src/interpreter/variables/interpreter_float_variable.cpp" />
		<Unit filename="src/interpreter/variables/interpreter_int_variable.cpp" />
		<Unit filename="src/interpreter/variables/interpreter_string_variable.cpp" />
		<Unit filename="src/interpreter/variables/interpreter_variable.cpp" />
		<Unit filename="src/lexer/lexer.cpp" />
		<Unit filename="src/lexer/matchers/lexer_binary_token_matcher.cpp" />
		<Unit filename="src/lexer/matchers/lexer_comment_token_matcher.cpp" />
		<Unit filename="src/lexer/matchers/lexer_float_token_matcher.cpp" />
		<Unit filename="src/lexer/matchers/lexer_global_token_matcher.cpp" />
		<Unit filename="src/lexer/matchers/lexer_hex_token_matcher.cpp" />
		<Unit filename="src/lexer/matchers/lexer_integer_token_matcher.cpp" />
		<Unit filename="src/lexer/matchers/lexer_keywords_token_matcher.cpp" />
		<Unit filename="src/lexer/matchers/lexer_list_token_matcher.cpp" />
		<Unit filename="src/lexer/matchers/lexer_literals_token_matcher.cpp" />
		<Unit filename="src/lexer/matchers/lexer_octal_token_matcher.cpp" />
		<Unit filename="src/lexer/matchers/lexer_single_quote_string_token_matcher.cpp" />
		<Unit filename="src/lexer/matchers/lexer_string_token_matcher.cpp" />
		<Unit filename="src/lexer/matchers/lexer_symbols_token_matcher.cpp" />
		<Unit filename="src/lexer/matchers/lexer_word_token_matcher.cpp" />
		<Unit filename="src/lexer/token/lexer_eof_token.cpp" />
		<Unit filename="src/lexer/token/lexer_float_token.cpp" />
		<Unit filename="src/lexer/token/lexer_integer_token.cpp" />
		<Unit filename="src/lexer/token/lexer_keyword_token.cpp" />
		<Unit filename="src/lexer/token/lexer_string_token.cpp" />
		<Unit filename="src/lexer/token/lexer_symbol_token.cpp" />
		<Unit filename="src/lexer/token/lexer_token.cpp" />
		<Unit filename="src/lexer/token/lexer_word_token.cpp" />
		<Unit filename="src/main.cpp" />
		<Unit filename="src/my_except/interpreter_runtime_error.cpp" />
		<Unit filename="src/myexcept/file_error.cpp" />
		<Unit filename="src/myexcept/no_match_exception.cpp" />
		<Unit filename="src/myexcept/parse_error.cpp" />
		<Unit filename="src/myexcept/syntax_error.cpp" />
		<Unit filename="src/parser/component/parser_binary_operation_matcher.cpp" />
		<Unit filename="src/parser/component/parser_code_block_matcher.cpp" />
		<Unit filename="src/parser/component/parser_component.cpp" />
		<Unit filename="src/parser/component/parser_definition_matcher.cpp" />
		<Unit filename="src/parser/component/parser_else_statement_matcher.cpp" />
		<Unit filename="src/parser/component/parser_expression_group_matcher.cpp" />
		<Unit filename="src/parser/component/parser_expression_list_matcher.cpp" />
		<Unit filename="src/parser/component/parser_expression_matcher.cpp" />
		<Unit filename="src/parser/component/parser_expression_term_matcher.cpp" />
		<Unit filename="src/parser/component/parser_for_statement_matcher.cpp" />
		<Unit filename="src/parser/component/parser_function_call_matcher.cpp" />
		<Unit filename="src/parser/component/parser_function_definition_matcher.cpp" />
		<Unit filename="src/parser/component/parser_function_definition_parameter_matcher.cpp" />
		<Unit filename="src/parser/component/parser_if_statment_matcher.cpp" />
		<Unit filename="src/parser/component/parser_line_matcher.cpp" />
		<Unit filename="src/parser/component/parser_return_statement_matcher.cpp" />
		<Unit filename="src/parser/component/parser_statement_matcher.cpp" />
		<Unit filename="src/parser/component/parser_unary_operation_matcher.cpp" />
		<Unit filename="src/parser/component/parser_var_type_matcher.cpp" />
		<Unit filename="src/parser/component/parser_variable_definition_item_matcher.cpp" />
		<Unit filename="src/parser/component/parser_variable_definition_matcher.cpp" />
		<Unit filename="src/parser/component/parser_while_statement_matcher.cpp" />
		<Unit filename="src/parser/parser.cpp" />
		<Unit filename="src/parser/result/parser_binary_operation.cpp" />
		<Unit filename="src/parser/result/parser_code_block.cpp" />
		<Unit filename="src/parser/result/parser_definition.cpp" />
		<Unit filename="src/parser/result/parser_else_statement.cpp" />
		<Unit filename="src/parser/result/parser_expression.cpp" />
		<Unit filename="src/parser/result/parser_expression_group.cpp" />
		<Unit filename="src/parser/result/parser_expression_list.cpp" />
		<Unit filename="src/parser/result/parser_expression_term.cpp" />
		<Unit filename="src/parser/result/parser_for_statement.cpp" />
		<Unit filename="src/parser/result/parser_function_call.cpp" />
		<Unit filename="src/parser/result/parser_function_definition.cpp" />
		<Unit filename="src/parser/result/parser_function_definition_parameter.cpp" />
		<Unit filename="src/parser/result/parser_if_statement.cpp" />
		<Unit filename="src/parser/result/parser_line.cpp" />
		<Unit filename="src/parser/result/parser_result_part.cpp" />
		<Unit filename="src/parser/result/parser_return_statement.cpp" />
		<Unit filename="src/parser/result/parser_statement.cpp" />
		<Unit filename="src/parser/result/parser_unary_operation.cpp" />
		<Unit filename="src/parser/result/parser_var_type.cpp" />
		<Unit filename="src/parser/result/parser_variable_definition.cpp" />
		<Unit filename="src/parser/result/parser_variable_definition_item.cpp" />
		<Unit filename="src/parser/result/parser_while_statement.cpp" />
		<Unit filename="src/parser/util/parser_expression_operator_precedence.cpp" />
		<Unit filename="src/preprocessor.cpp" />
		<Unit filename="src/symbols_keywords.cpp" />
		<Unit filename="src/util/console.cpp" />
		<Unit filename="src/util/read_file.cpp" />
		<Extensions>
			<code_completion />
			<envvars />
			<debugger />
			<lib_finder disable_auto="1" />
			<DoxyBlocks>
				<comment_style block="0" line="0" />
				<doxyfile_project />
				<doxyfile_build />
				<doxyfile_warnings />
				<doxyfile_output />
				<doxyfile_dot />
				<general use_at_in_tags="1" />
			</DoxyBlocks>
		</Extensions>
	</Project>
</CodeBlocks_project_file>
