<?xml version="1.0" encoding="UTF-8" standalone="yes" ?>
<CodeBlocks_project_file>
	<FileVersion major="1" minor="6" />
	<Project>
		<Option title="Interpreter" />
		<Option pch_mode="2" />
		<Option compiler="gcc" />
		<Build>
			<Target title="Debug">
				<Option output="bin/Debug/Interpreter" prefix_auto="1" extension_auto="1" />
				<Option object_output="obj/Debug/" />
				<Option type="1" />
				<Option compiler="gcc" />
				<Compiler>
					<Add option="-g" />
					<Add directory="include" />
				</Compiler>
			</Target>
			<Target title="Release">
				<Option output="bin/Release/Interpreter" prefix_auto="1" extension_auto="1" />
				<Option object_output="obj/Release/" />
				<Option type="1" />
				<Option compiler="gcc" />
				<Compiler>
					<Add option="-O2" />
					<Add directory="include" />
				</Compiler>
				<Linker>
					<Add option="-s" />
				</Linker>
			</Target>
		</Build>
		<VirtualTargets>
			<Add alias="All" targets="Debug;Release;" />
		</VirtualTargets>
		<Compiler>
			<Add option="-Wall" />
			<Add option="-fexceptions -std=c++17 -Wold-style-cast -Werror=return-type" />
		</Compiler>
		<Unit filename=".gitattributes" />
		<Unit filename=".gitignore" />
		<Unit filename="examples/any_test.txt" />
		<Unit filename="examples/arg_test.txt" />
		<Unit filename="examples/arr_test.txt" />
		<Unit filename="examples/break_continue_test.txt" />
		<Unit filename="examples/char_test.txt" />
		<Unit filename="examples/const_test.txt" />
		<Unit filename="examples/declaration_order_test.txt" />
		<Unit filename="examples/file_test.input.txt" />
		<Unit filename="examples/file_test.output.txt" />
		<Unit filename="examples/file_test.txt" />
		<Unit filename="examples/for_test.txt" />
		<Unit filename="examples/getch_test.txt" />
		<Unit filename="examples/hello_world.txt" />
		<Unit filename="examples/lib.txt" />
		<Unit filename="examples/nested_functions_test.txt" />
		<Unit filename="examples/nqueen.txt" />
		<Unit filename="examples/printf_test.txt" />
		<Unit filename="examples/printvals_test.txt" />
		<Unit filename="examples/ptr_test.txt" />
		<Unit filename="examples/push_pop_test.txt" />
		<Unit filename="examples/ref_test.txt" />
		<Unit filename="examples/tictactoe.txt" />
		<Unit filename="examples/tictactoe_old.txt" />
		<Unit filename="examples/type_test.txt" />
		<Unit filename="examples/variadic_test.txt" />
		<Unit filename="examples/vla_test.txt" />
		<Unit filename="include/Interpreter_Test.h" />
		<Unit filename="include/console.h" />
		<Unit filename="include/deflib.h" />
		<Unit filename="include/file_error.h" />
		<Unit filename="include/hex_read_util.h" />
		<Unit filename="include/interpreter_any_type.h" />
		<Unit filename="include/interpreter_any_value.h" />
		<Unit filename="include/interpreter_any_variable.h" />
		<Unit filename="include/interpreter_array_type.h" />
		<Unit filename="include/interpreter_array_value.h" />
		<Unit filename="include/interpreter_array_variable.h" />
		<Unit filename="include/interpreter_break_statement.h" />
		<Unit filename="include/interpreter_char_type.h" />
		<Unit filename="include/interpreter_char_value.h" />
		<Unit filename="include/interpreter_char_variable.h" />
		<Unit filename="include/interpreter_class.h" />
		<Unit filename="include/interpreter_class_reference_variable.h" />
		<Unit filename="include/interpreter_class_value.h" />
		<Unit filename="include/interpreter_class_variable.h" />
		<Unit filename="include/interpreter_code_block.h" />
		<Unit filename="include/interpreter_continue_statement.h" />
		<Unit filename="include/interpreter_default_frame.h" />
		<Unit filename="include/interpreter_dummy_value.h" />
		<Unit filename="include/interpreter_dummy_variable.h" />
		<Unit filename="include/interpreter_exec_frame.h" />
		<Unit filename="include/interpreter_expr_part.h" />
		<Unit filename="include/interpreter_expr_part_cast.h" />
		<Unit filename="include/interpreter_expr_part_fn_call.h" />
		<Unit filename="include/interpreter_expr_part_init_vla.h" />
		<Unit filename="include/interpreter_expr_part_is.h" />
		<Unit filename="include/interpreter_expr_part_op.h" />
		<Unit filename="include/interpreter_expr_part_typeof.h" />
		<Unit filename="include/interpreter_expr_part_unary_op.h" />
		<Unit filename="include/interpreter_expr_part_value.h" />
		<Unit filename="include/interpreter_expr_part_var.h" />
		<Unit filename="include/interpreter_expression.h" />
		<Unit filename="include/interpreter_float_type.h" />
		<Unit filename="include/interpreter_float_value.h" />
		<Unit filename="include/interpreter_float_variable.h" />
		<Unit filename="include/interpreter_for_statement.h" />
		<Unit filename="include/interpreter_function.h" />
		<Unit filename="include/interpreter_function_parameter.h" />
		<Unit filename="include/interpreter_if_statement.h" />
		<Unit filename="include/interpreter_int_type.h" />
		<Unit filename="include/interpreter_int_value.h" />
		<Unit filename="include/interpreter_int_variable.h" />
		<Unit filename="include/interpreter_line.h" />
		<Unit filename="include/interpreter_line_result.h" />
		<Unit filename="include/interpreter_line_result_return.h" />
		<Unit filename="include/interpreter_line_result_simple.h" />
		<Unit filename="include/interpreter_pointer_type.h" />
		<Unit filename="include/interpreter_pointer_value.h" />
		<Unit filename="include/interpreter_pointer_variable.h" />
		<Unit filename="include/interpreter_primitive_type.h" />
		<Unit filename="include/interpreter_primitive_value.h" />
		<Unit filename="include/interpreter_return_statement.h" />
		<Unit filename="include/interpreter_runtime_error.h" />
		<Unit filename="include/interpreter_string_type.h" />
		<Unit filename="include/interpreter_string_value.h" />
		<Unit filename="include/interpreter_string_variable.h" />
		<Unit filename="include/interpreter_type.h" />
		<Unit filename="include/interpreter_type_type.h" />
		<Unit filename="include/interpreter_type_value.h" />
		<Unit filename="include/interpreter_type_variable.h" />
		<Unit filename="include/interpreter_unsigned_char_type.h" />
		<Unit filename="include/interpreter_unsigned_char_value.h" />
		<Unit filename="include/interpreter_unsigned_char_variable.h" />
		<Unit filename="include/interpreter_unsigned_int_type.h" />
		<Unit filename="include/interpreter_unsigned_int_value.h" />
		<Unit filename="include/interpreter_unsigned_int_variable.h" />
		<Unit filename="include/interpreter_user_function.h" />
		<Unit filename="include/interpreter_util_defines_misc.h" />
		<Unit filename="include/interpreter_value.h" />
		<Unit filename="include/interpreter_value_to_string.h" />
		<Unit filename="include/interpreter_variable.h" />
		<Unit filename="include/interpreter_void_type.h" />
		<Unit filename="include/interpreter_while_statement.h" />
		<Unit filename="include/keyword_data.h" />
		<Unit filename="include/lexer.h" />
		<Unit filename="include/lexer_binary_token_matcher.h" />
		<Unit filename="include/lexer_char_token.h" />
		<Unit filename="include/lexer_char_token_matcher.h" />
		<Unit filename="include/lexer_comment_token_matcher.h" />
		<Unit filename="include/lexer_eof_token.h" />
		<Unit filename="include/lexer_float_token.h" />
		<Unit filename="include/lexer_float_token_matcher.h" />
		<Unit filename="include/lexer_global_token_matcher.h" />
		<Unit filename="include/lexer_hex_token_matcher.h" />
		<Unit filename="include/lexer_integer_token.h" />
		<Unit filename="include/lexer_integer_token_matcher.h" />
		<Unit filename="include/lexer_keyword_token.h" />
		<Unit filename="include/lexer_keywords_token_matcher.h" />
		<Unit filename="include/lexer_list_token_matcher.h" />
		<Unit filename="include/lexer_literals_token_matcher.h" />
		<Unit filename="include/lexer_octal_token_matcher.h" />
		<Unit filename="include/lexer_string_token.h" />
		<Unit filename="include/lexer_string_token_matcher.h" />
		<Unit filename="include/lexer_symbol_token.h" />
		<Unit filename="include/lexer_symbols_token_matcher.h" />
		<Unit filename="include/lexer_token.h" />
		<Unit filename="include/lexer_token_matcher.h" />
		<Unit filename="include/lexer_token_type.h" />
		<Unit filename="include/lexer_word_token.h" />
		<Unit filename="include/lexer_word_token_matcher.h" />
		<Unit filename="include/my_except.h" />
		<Unit filename="include/no_match_exception.h" />
		<Unit filename="include/parse_error.h" />
		<Unit filename="include/parser.h" />
		<Unit filename="include/parser_binary_operation.h" />
		<Unit filename="include/parser_binary_operation_matcher.h" />
		<Unit filename="include/parser_class_definition.h" />
		<Unit filename="include/parser_class_definition_matcher.h" />
		<Unit filename="include/parser_code_block.h" />
		<Unit filename="include/parser_code_block_matcher.h" />
		<Unit filename="include/parser_component.h" />
		<Unit filename="include/parser_definition.h" />
		<Unit filename="include/parser_definition_matcher.h" />
		<Unit filename="include/parser_else_statement.h" />
		<Unit filename="include/parser_else_statement_matcher.h" />
		<Unit filename="include/parser_expression.h" />
		<Unit filename="include/parser_expression_group.h" />
		<Unit filename="include/parser_expression_group_matcher.h" />
		<Unit filename="include/parser_expression_list.h" />
		<Unit filename="include/parser_expression_list_matcher.h" />
		<Unit filename="include/parser_expression_matcher.h" />
		<Unit filename="include/parser_expression_operator_precedence.h" />
		<Unit filename="include/parser_expression_term.h" />
		<Unit filename="include/parser_expression_term_matcher.h" />
		<Unit filename="include/parser_for_statement.h" />
		<Unit filename="include/parser_for_statement_matcher.h" />
		<Unit filename="include/parser_function_call.h" />
		<Unit filename="include/parser_function_call_matcher.h" />
		<Unit filename="include/parser_function_definition.h" />
		<Unit filename="include/parser_function_definition_matcher.h" />
		<Unit filename="include/parser_function_definition_parameter.h" />
		<Unit filename="include/parser_function_definition_parameter_matcher.h" />
		<Unit filename="include/parser_if_statement.h" />
		<Unit filename="include/parser_if_statment_matcher.h" />
		<Unit filename="include/parser_keyword_function_call.h" />
		<Unit filename="include/parser_keyword_function_call_matcher.h" />
		<Unit filename="include/parser_line.h" />
		<Unit filename="include/parser_line_matcher.h" />
		<Unit filename="include/parser_member_definition.h" />
		<Unit filename="include/parser_member_definition_matcher.h" />
		<Unit filename="include/parser_result_part.h" />
		<Unit filename="include/parser_return_statement.h" />
		<Unit filename="include/parser_return_statement_matcher.h" />
		<Unit filename="include/parser_statement.h" />
		<Unit filename="include/parser_statement_matcher.h" />
		<Unit filename="include/parser_struct_definition.h" />
		<Unit filename="include/parser_struct_definition_matcher.h" />
		<Unit filename="include/parser_unary_operation.h" />
		<Unit filename="include/parser_unary_operation_matcher.h" />
		<Unit filename="include/parser_var_type.h" />
		<Unit filename="include/parser_var_type_matcher.h" />
		<Unit filename="include/parser_variable_definition.h" />
		<Unit filename="include/parser_variable_definition_item.h" />
		<Unit filename="include/parser_variable_definition_item_matcher.h" />
		<Unit filename="include/parser_variable_definition_matcher.h" />
		<Unit filename="include/parser_while_statement.h" />
		<Unit filename="include/parser_while_statement_matcher.h" />
		<Unit filename="include/preprocessor.h" />
		<Unit filename="include/printf.h" />
		<Unit filename="include/printf_value_container.h" />
		<Unit filename="include/read_file.h" />
		<Unit filename="include/symbol_data.h" />
		<Unit filename="include/symbols_keywords.h" />
		<Unit filename="include/syntax_error.h" />
		<Unit filename="src/Interpreter/Class.cpp" />
		<Unit filename="src/Interpreter/DefaultFrame.cpp" />
		<Unit filename="src/Interpreter/ExecFrame.cpp" />
		<Unit filename="src/Interpreter/ExprPart/ExprPart.cpp" />
		<Unit filename="src/Interpreter/ExprPart/ExprPartCast.cpp" />
		<Unit filename="src/Interpreter/ExprPart/ExprPartFnCall.cpp" />
		<Unit filename="src/Interpreter/ExprPart/ExprPartInitVLA.cpp" />
		<Unit filename="src/Interpreter/ExprPart/ExprPartIs.cpp" />
		<Unit filename="src/Interpreter/ExprPart/ExprPartOp.cpp" />
		<Unit filename="src/Interpreter/ExprPart/ExprPartTypeOf.cpp" />
		<Unit filename="src/Interpreter/ExprPart/ExprPartUnaryOp.cpp" />
		<Unit filename="src/Interpreter/ExprPart/ExprPartValue.cpp" />
		<Unit filename="src/Interpreter/ExprPart/ExprPartVar.cpp" />
		<Unit filename="src/Interpreter/Function/FunctionParameter.cpp" />
		<Unit filename="src/Interpreter/Function/UserFunction.cpp" />
		<Unit filename="src/Interpreter/Line/CodeBlock.cpp" />
		<Unit filename="src/Interpreter/Line/Expression.cpp" />
		<Unit filename="src/Interpreter/Line/Line.cpp" />
		<Unit filename="src/Interpreter/Line/LineResultReturn.cpp" />
		<Unit filename="src/Interpreter/Line/LineResultSimple.cpp" />
		<Unit filename="src/Interpreter/Line/Statement/BreakStatement.cpp" />
		<Unit filename="src/Interpreter/Line/Statement/ContinueStatement.cpp" />
		<Unit filename="src/Interpreter/Line/Statement/ForStatement.cpp" />
		<Unit filename="src/Interpreter/Line/Statement/IfStatement.cpp" />
		<Unit filename="src/Interpreter/Line/Statement/ReturnStatement.cpp" />
		<Unit filename="src/Interpreter/Line/Statement/WhileStatement.cpp" />
		<Unit filename="src/Interpreter/Type/AnyType.cpp" />
		<Unit filename="src/Interpreter/Type/ArrayType.cpp" />
		<Unit filename="src/Interpreter/Type/CharType.cpp" />
		<Unit filename="src/Interpreter/Type/FloatType.cpp" />
		<Unit filename="src/Interpreter/Type/IntType.cpp" />
		<Unit filename="src/Interpreter/Type/PointerType.cpp" />
		<Unit filename="src/Interpreter/Type/PrimitiveType.cpp" />
		<Unit filename="src/Interpreter/Type/StringType.cpp" />
		<Unit filename="src/Interpreter/Type/Type.cpp" />
		<Unit filename="src/Interpreter/Type/TypeType.cpp" />
		<Unit filename="src/Interpreter/Type/UnsignedCharType.cpp" />
		<Unit filename="src/Interpreter/Type/UnsignedIntType.cpp" />
		<Unit filename="src/Interpreter/Type/VoidType.cpp" />
		<Unit filename="src/Interpreter/Value/AnyValue.cpp" />
		<Unit filename="src/Interpreter/Value/ArrayValue.cpp" />
		<Unit filename="src/Interpreter/Value/CharValue.cpp" />
		<Unit filename="src/Interpreter/Value/ClassValue.cpp" />
		<Unit filename="src/Interpreter/Value/DummyValue.cpp" />
		<Unit filename="src/Interpreter/Value/FloatValue.cpp" />
		<Unit filename="src/Interpreter/Value/IntValue.cpp" />
		<Unit filename="src/Interpreter/Value/PointerValue.cpp" />
		<Unit filename="src/Interpreter/Value/PrimitiveValue.cpp" />
		<Unit filename="src/Interpreter/Value/StringValue.cpp" />
		<Unit filename="src/Interpreter/Value/TypeValue.cpp" />
		<Unit filename="src/Interpreter/Value/UnsignedCharValue.cpp" />
		<Unit filename="src/Interpreter/Value/UnsignedIntValue.cpp" />
		<Unit filename="src/Interpreter/Value/Value.cpp" />
		<Unit filename="src/Interpreter/Value/interpreter_intlike_assignment_method.inc.h" />
		<Unit filename="src/Interpreter/Value/interpreter_intlike_comparison_method.inc.h" />
		<Unit filename="src/Interpreter/Value/interpreter_intlike_inttype_assignment_method.inc.h" />
		<Unit filename="src/Interpreter/Value/interpreter_intlike_inttype_math_method.inc.h" />
		<Unit filename="src/Interpreter/Value/interpreter_intlike_methods.inc.h" />
		<Unit filename="src/Interpreter/Value/interpreter_intlike_simple_math_method.inc.h" />
		<Unit filename="src/Interpreter/Variable/AnyVariable.cpp" />
		<Unit filename="src/Interpreter/Variable/ArrayVariable.cpp" />
		<Unit filename="src/Interpreter/Variable/CharVariable.cpp" />
		<Unit filename="src/Interpreter/Variable/ClassVariable.cpp" />
		<Unit filename="src/Interpreter/Variable/DummyVariable.cpp" />
		<Unit filename="src/Interpreter/Variable/FloatVariable.cpp" />
		<Unit filename="src/Interpreter/Variable/IntVariable.cpp" />
		<Unit filename="src/Interpreter/Variable/PointerVariable.cpp" />
		<Unit filename="src/Interpreter/Variable/StringVariable.cpp" />
		<Unit filename="src/Interpreter/Variable/TypeVariable.cpp" />
		<Unit filename="src/Interpreter/Variable/UnsignedCharVariable.cpp" />
		<Unit filename="src/Interpreter/Variable/UnsignedIntVariable.cpp" />
		<Unit filename="src/Interpreter/Variable/Variable.cpp" />
		<Unit filename="src/Lexer/Lexer.cpp" />
		<Unit filename="src/Lexer/Matcher/Char/CharTokenMatcher.cpp" />
		<Unit filename="src/Lexer/Matcher/Comment/CommentTokenMatcher.cpp" />
		<Unit filename="src/Lexer/Matcher/Float/FloatTokenMatcher.cpp" />
		<Unit filename="src/Lexer/Matcher/GlobalTokenMatcher.cpp" />
		<Unit filename="src/Lexer/Matcher/Integer/BinaryTokenMatcher.cpp" />
		<Unit filename="src/Lexer/Matcher/Integer/HexTokenMatcher.cpp" />
		<Unit filename="src/Lexer/Matcher/Integer/IntegerTokenMatcher.cpp" />
		<Unit filename="src/Lexer/Matcher/Integer/OctalTokenMatcher.cpp" />
		<Unit filename="src/Lexer/Matcher/Keyword/KeywordsTokenMatcher.cpp" />
		<Unit filename="src/Lexer/Matcher/ListTokenMatcher.cpp" />
		<Unit filename="src/Lexer/Matcher/LiteralsTokenMatcher.cpp" />
		<Unit filename="src/Lexer/Matcher/String/StringTokenMatcher.cpp" />
		<Unit filename="src/Lexer/Matcher/Symbol/SymbolsTokenMatcher.cpp" />
		<Unit filename="src/Lexer/Matcher/Word/WordTokenMatcher.cpp" />
		<Unit filename="src/Lexer/Token/CharToken.cpp" />
		<Unit filename="src/Lexer/Token/EOFToken.cpp" />
		<Unit filename="src/Lexer/Token/FloatToken.cpp" />
		<Unit filename="src/Lexer/Token/IntegerToken.cpp" />
		<Unit filename="src/Lexer/Token/KeywordToken.cpp" />
		<Unit filename="src/Lexer/Token/StringToken.cpp" />
		<Unit filename="src/Lexer/Token/SymbolToken.cpp" />
		<Unit filename="src/Lexer/Token/Token.cpp" />
		<Unit filename="src/Lexer/Token/WordToken.cpp" />
		<Unit filename="src/MyExcept/FileError.cpp" />
		<Unit filename="src/MyExcept/InterpreterRuntimeError.cpp" />
		<Unit filename="src/MyExcept/NoMatchException.cpp" />
		<Unit filename="src/MyExcept/ParseError.cpp" />
		<Unit filename="src/MyExcept/SyntaxError.cpp" />
		<Unit filename="src/Parser/Component/Definition/ClassDefinitionMatcher.cpp" />
		<Unit filename="src/Parser/Component/Definition/DefinitionMatcher.cpp" />
		<Unit filename="src/Parser/Component/Definition/FunctionDefinitionMatcher.cpp" />
		<Unit filename="src/Parser/Component/Definition/FunctionDefinitionParameterMatcher.cpp" />
		<Unit filename="src/Parser/Component/Definition/Line/CodeBlockMatcher.cpp" />
		<Unit filename="src/Parser/Component/Definition/Line/Expression/ExpressionListMatcher.cpp" />
		<Unit filename="src/Parser/Component/Definition/Line/Expression/ExpressionMatcher.cpp" />
		<Unit filename="src/Parser/Component/Definition/Line/Expression/Term/ExpressionGroupMatcher.cpp" />
		<Unit filename="src/Parser/Component/Definition/Line/Expression/Term/ExpressionTermMatcher.cpp" />
		<Unit filename="src/Parser/Component/Definition/Line/Expression/Term/FunctionCallMatcher.cpp" />
		<Unit filename="src/Parser/Component/Definition/Line/Expression/Term/KeywordFunctionCallMatcher.cpp" />
		<Unit filename="src/Parser/Component/Definition/Line/Expression/Term/Operation/BinaryOperationMatcher.cpp" />
		<Unit filename="src/Parser/Component/Definition/Line/Expression/Term/Operation/UnaryOperationMatcher.cpp" />
		<Unit filename="src/Parser/Component/Definition/Line/LineMatcher.cpp" />
		<Unit filename="src/Parser/Component/Definition/Line/Statement/ElseStatementMatcher.cpp" />
		<Unit filename="src/Parser/Component/Definition/Line/Statement/ForStatementMatcher.cpp" />
		<Unit filename="src/Parser/Component/Definition/Line/Statement/IfStatementMatcher.cpp" />
		<Unit filename="src/Parser/Component/Definition/Line/Statement/ReturnStatementMatcher.cpp" />
		<Unit filename="src/Parser/Component/Definition/Line/Statement/StatementMatcher.cpp" />
		<Unit filename="src/Parser/Component/Definition/Line/Statement/WhileStatementMatcher.cpp" />
		<Unit filename="src/Parser/Component/Definition/MemberDefinitionMatcher.cpp" />
		<Unit filename="src/Parser/Component/Definition/StructDefinitionMatcher.cpp" />
		<Unit filename="src/Parser/Component/Definition/VariableDefinitionItemMatcher.cpp" />
		<Unit filename="src/Parser/Component/Definition/VariableDefinitionMatcher.cpp" />
		<Unit filename="src/Parser/Component/Shared/BaseComponent.cpp" />
		<Unit filename="src/Parser/Component/Shared/VarTypeMatcher.cpp" />
		<Unit filename="src/Parser/Parser.cpp" />
		<Unit filename="src/Parser/ParserExpressionOperatorPrecedence.cpp" />
		<Unit filename="src/Parser/Result/Definition/ClassDefinition.cpp" />
		<Unit filename="src/Parser/Result/Definition/Definition.cpp" />
		<Unit filename="src/Parser/Result/Definition/FunctionDefinition.cpp" />
		<Unit filename="src/Parser/Result/Definition/FunctionDefinitionParameter.cpp" />
		<Unit filename="src/Parser/Result/Definition/Line/CodeBlock.cpp" />
		<Unit filename="src/Parser/Result/Definition/Line/Expression/Expression.cpp" />
		<Unit filename="src/Parser/Result/Definition/Line/Expression/ExpressionGroup.cpp" />
		<Unit filename="src/Parser/Result/Definition/Line/Expression/ExpressionList.cpp" />
		<Unit filename="src/Parser/Result/Definition/Line/Expression/Term/ExpressionTerm.cpp" />
		<Unit filename="src/Parser/Result/Definition/Line/Expression/Term/FunctionCall.cpp" />
		<Unit filename="src/Parser/Result/Definition/Line/Expression/Term/KeywordFunctionCall.cpp" />
		<Unit filename="src/Parser/Result/Definition/Line/Expression/Term/Operation/BinaryOperation.cpp" />
		<Unit filename="src/Parser/Result/Definition/Line/Expression/Term/Operation/UnaryOperation.cpp" />
		<Unit filename="src/Parser/Result/Definition/Line/Line.cpp" />
		<Unit filename="src/Parser/Result/Definition/Line/Statement/ElseStatement.cpp" />
		<Unit filename="src/Parser/Result/Definition/Line/Statement/ForStatement.cpp" />
		<Unit filename="src/Parser/Result/Definition/Line/Statement/IfStatement.cpp" />
		<Unit filename="src/Parser/Result/Definition/Line/Statement/ReturnStatement.cpp" />
		<Unit filename="src/Parser/Result/Definition/Line/Statement/Statement.cpp" />
		<Unit filename="src/Parser/Result/Definition/Line/Statement/WhileStatement.cpp" />
		<Unit filename="src/Parser/Result/Definition/MemberDefinition.cpp" />
		<Unit filename="src/Parser/Result/Definition/StructDefinition.cpp" />
		<Unit filename="src/Parser/Result/Definition/VariableDefinition.cpp" />
		<Unit filename="src/Parser/Result/Definition/VariableDefinitionItem.cpp" />
		<Unit filename="src/Parser/Result/Shared/ParserResultPart.cpp" />
		<Unit filename="src/Parser/Result/Shared/VarType.cpp" />
		<Unit filename="src/Printf/Printf.cpp" />
		<Unit filename="src/Printf/ValueContainer.cpp" />
		<Unit filename="src/Util/Console.cpp" />
		<Unit filename="src/Util/read_file.cpp" />
		<Unit filename="src/deflib.cpp" />
		<Unit filename="src/main.cpp" />
		<Unit filename="src/preprocessor.cpp" />
		<Unit filename="src/symbols_keywords.cpp" />
		<Unit filename="todo stuff.txt" />
		<Extensions>
			<code_completion />
			<envvars />
			<debugger />
			<lib_finder disable_auto="1" />
			<DoxyBlocks>
				<comment_style block="0" line="0" />
				<doxyfile_project />
				<doxyfile_build />
				<doxyfile_warnings />
				<doxyfile_output />
				<doxyfile_dot />
				<general use_at_in_tags="1" />
			</DoxyBlocks>
		</Extensions>
	</Project>
</CodeBlocks_project_file>
